// !$*UTF8*$!
{
	archiveVersion = 1;
	classes = {
	};
	objectVersion = 46;
	objects = {

/* Begin PBXBuildFile section */
		9C19D41D1757E40C00CE87EB /* libCDKitt.a in Frameworks */ = {isa = PBXBuildFile; fileRef = 9C19D41A1757E3F400CE87EB /* libCDKitt.a */; };
		9C19D4331757EB3600CE87EB /* PRIAuthorizationViewController.m in Sources */ = {isa = PBXBuildFile; fileRef = 9C19D4321757EB3600CE87EB /* PRIAuthorizationViewController.m */; };
		9CADC7AB1758160500524DCE /* libBlocksKit.a in Frameworks */ = {isa = PBXBuildFile; fileRef = 9CADC7AA1758160500524DCE /* libBlocksKit.a */; };
		9CADC80D175821BC00524DCE /* UITextField+PRIResponderChain.m in Sources */ = {isa = PBXBuildFile; fileRef = 9CADC80C175821BC00524DCE /* UITextField+PRIResponderChain.m */; };
		9CB56A211711B9920076F981 /* TFHpple.m in Sources */ = {isa = PBXBuildFile; fileRef = 9CB56A1C1711B9920076F981 /* TFHpple.m */; };
		9CB56A221711B9920076F981 /* TFHppleElement.m in Sources */ = {isa = PBXBuildFile; fileRef = 9CB56A1E1711B9920076F981 /* TFHppleElement.m */; };
		9CB56A231711B9920076F981 /* XPathQuery.m in Sources */ = {isa = PBXBuildFile; fileRef = 9CB56A201711B9920076F981 /* XPathQuery.m */; };
		9CB56A251711BA680076F981 /* libxml2.dylib in Frameworks */ = {isa = PBXBuildFile; fileRef = 9CB56A241711BA680076F981 /* libxml2.dylib */; };
		9CB56A341711CBCA0076F981 /* NSString+PRIURLHelpers.m in Sources */ = {isa = PBXBuildFile; fileRef = 9CB56A331711CBCA0076F981 /* NSString+PRIURLHelpers.m */; };
		9CB56A3B1711FE690076F981 /* PRIFile.m in Sources */ = {isa = PBXBuildFile; fileRef = 9CB56A3A1711FE690076F981 /* PRIFile.m */; };
		9CB56A3E171211540076F981 /* NSUserDefaults+Prismatic.m in Sources */ = {isa = PBXBuildFile; fileRef = 9CB56A3D171211540076F981 /* NSUserDefaults+Prismatic.m */; };
		9CE4C0AA170CE6AE00DA04D9 /* UIKit.framework in Frameworks */ = {isa = PBXBuildFile; fileRef = 9CE4C0A9170CE6AE00DA04D9 /* UIKit.framework */; };
		9CE4C0AC170CE6AE00DA04D9 /* Foundation.framework in Frameworks */ = {isa = PBXBuildFile; fileRef = 9CE4C0AB170CE6AE00DA04D9 /* Foundation.framework */; };
		9CE4C0AE170CE6AE00DA04D9 /* CoreGraphics.framework in Frameworks */ = {isa = PBXBuildFile; fileRef = 9CE4C0AD170CE6AE00DA04D9 /* CoreGraphics.framework */; };
		9CE4C0B4170CE6AE00DA04D9 /* InfoPlist.strings in Resources */ = {isa = PBXBuildFile; fileRef = 9CE4C0B2170CE6AE00DA04D9 /* InfoPlist.strings */; };
		9CE4C0B6170CE6AE00DA04D9 /* main.m in Sources */ = {isa = PBXBuildFile; fileRef = 9CE4C0B5170CE6AE00DA04D9 /* main.m */; };
		9CE4C0BA170CE6AE00DA04D9 /* PRIAppDelegate.m in Sources */ = {isa = PBXBuildFile; fileRef = 9CE4C0B9170CE6AE00DA04D9 /* PRIAppDelegate.m */; };
		9CE4C0BC170CE6AE00DA04D9 /* Default.png in Resources */ = {isa = PBXBuildFile; fileRef = 9CE4C0BB170CE6AE00DA04D9 /* Default.png */; };
		9CE4C0BE170CE6AE00DA04D9 /* Default@2x.png in Resources */ = {isa = PBXBuildFile; fileRef = 9CE4C0BD170CE6AE00DA04D9 /* Default@2x.png */; };
		9CE4C0C0170CE6AE00DA04D9 /* Default-568h@2x.png in Resources */ = {isa = PBXBuildFile; fileRef = 9CE4C0BF170CE6AE00DA04D9 /* Default-568h@2x.png */; };
		9CE4C0C3170CE6AE00DA04D9 /* MainStoryboard_iPhone.storyboard in Resources */ = {isa = PBXBuildFile; fileRef = 9CE4C0C1170CE6AE00DA04D9 /* MainStoryboard_iPhone.storyboard */; };
		9CE4C0C6170CE6AE00DA04D9 /* MainStoryboard_iPad.storyboard in Resources */ = {isa = PBXBuildFile; fileRef = 9CE4C0C4170CE6AE00DA04D9 /* MainStoryboard_iPad.storyboard */; };
		9CE4C0D3170CE73F00DA04D9 /* SystemConfiguration.framework in Frameworks */ = {isa = PBXBuildFile; fileRef = 9CE4C0D2170CE73F00DA04D9 /* SystemConfiguration.framework */; };
		9CE4C0D5170CE74400DA04D9 /* MobileCoreServices.framework in Frameworks */ = {isa = PBXBuildFile; fileRef = 9CE4C0D4170CE74400DA04D9 /* MobileCoreServices.framework */; };
		9CE4C0DA170CF72800DA04D9 /* PRIStyleController.m in Sources */ = {isa = PBXBuildFile; fileRef = 9CE4C0D9170CF72800DA04D9 /* PRIStyleController.m */; };
		9CE4C0E5170DFDBA00DA04D9 /* QuartzCore.framework in Frameworks */ = {isa = PBXBuildFile; fileRef = 9CE4C0E4170DFDBA00DA04D9 /* QuartzCore.framework */; };
		9CE4C0E7170DFDC100DA04D9 /* MessageUI.framework in Frameworks */ = {isa = PBXBuildFile; fileRef = 9CE4C0E6170DFDC100DA04D9 /* MessageUI.framework */; };
		9CE4C0F9170DFE0400DA04D9 /* libSSToolkit.a in Frameworks */ = {isa = PBXBuildFile; fileRef = 9CE4C0F0170DFDF300DA04D9 /* libSSToolkit.a */; };
		9CE4C0FA170DFE1700DA04D9 /* SSToolkitResources.bundle in Resources */ = {isa = PBXBuildFile; fileRef = 9CE4C0F4170DFDF300DA04D9 /* SSToolkitResources.bundle */; };
		9CFD963D170DFF65006E061A /* AFHTTPClient.m in Sources */ = {isa = PBXBuildFile; fileRef = 9CFD962B170DFF65006E061A /* AFHTTPClient.m */; };
		9CFD963E170DFF65006E061A /* AFHTTPRequestOperation.m in Sources */ = {isa = PBXBuildFile; fileRef = 9CFD962D170DFF65006E061A /* AFHTTPRequestOperation.m */; };
		9CFD963F170DFF65006E061A /* AFImageRequestOperation.m in Sources */ = {isa = PBXBuildFile; fileRef = 9CFD962F170DFF65006E061A /* AFImageRequestOperation.m */; };
		9CFD9640170DFF65006E061A /* AFJSONRequestOperation.m in Sources */ = {isa = PBXBuildFile; fileRef = 9CFD9631170DFF65006E061A /* AFJSONRequestOperation.m */; };
		9CFD9641170DFF65006E061A /* AFNetworkActivityIndicatorManager.m in Sources */ = {isa = PBXBuildFile; fileRef = 9CFD9633170DFF65006E061A /* AFNetworkActivityIndicatorManager.m */; };
		9CFD9642170DFF65006E061A /* AFPropertyListRequestOperation.m in Sources */ = {isa = PBXBuildFile; fileRef = 9CFD9636170DFF65006E061A /* AFPropertyListRequestOperation.m */; };
		9CFD9643170DFF65006E061A /* AFURLConnectionOperation.m in Sources */ = {isa = PBXBuildFile; fileRef = 9CFD9638170DFF65006E061A /* AFURLConnectionOperation.m */; };
		9CFD9644170DFF65006E061A /* AFXMLRequestOperation.m in Sources */ = {isa = PBXBuildFile; fileRef = 9CFD963A170DFF65006E061A /* AFXMLRequestOperation.m */; };
		9CFD9645170DFF65006E061A /* UIImageView+AFNetworking.m in Sources */ = {isa = PBXBuildFile; fileRef = 9CFD963C170DFF65006E061A /* UIImageView+AFNetworking.m */; };
		9CFD965E170E00B8006E061A /* UIFont+Prismatic.m in Sources */ = {isa = PBXBuildFile; fileRef = 9CFD965D170E00B8006E061A /* UIFont+Prismatic.m */; };
		9CFD9669170E0331006E061A /* PRIPrintViewController.m in Sources */ = {isa = PBXBuildFile; fileRef = 9CFD9668170E0331006E061A /* PRIPrintViewController.m */; };
		9CFD966E170E0EB7006E061A /* PRITableViewController.m in Sources */ = {isa = PBXBuildFile; fileRef = 9CFD966D170E0EB7006E061A /* PRITableViewController.m */; };
		9CFD9671170E10FC006E061A /* PRISourcesViewController.m in Sources */ = {isa = PBXBuildFile; fileRef = 9CFD9670170E10FC006E061A /* PRISourcesViewController.m */; };
		9CFD9676170E38C9006E061A /* Crashlytics.framework in Frameworks */ = {isa = PBXBuildFile; fileRef = 9CFD9675170E38C9006E061A /* Crashlytics.framework */; };
		9CFD9690170E4069006E061A /* UIImage+PRIAppImages.m in Sources */ = {isa = PBXBuildFile; fileRef = 9CFD968F170E4069006E061A /* UIImage+PRIAppImages.m */; };
		9CFD9698170E425C006E061A /* nav-settings-template.png in Resources */ = {isa = PBXBuildFile; fileRef = 9CFD9696170E425C006E061A /* nav-settings-template.png */; };
		9CFD9699170E425C006E061A /* nav-settings-template@2x.png in Resources */ = {isa = PBXBuildFile; fileRef = 9CFD9697170E425C006E061A /* nav-settings-template@2x.png */; };
		9CFD969C170E44A4006E061A /* nav-print-queue-template.png in Resources */ = {isa = PBXBuildFile; fileRef = 9CFD969A170E44A4006E061A /* nav-print-queue-template.png */; };
		9CFD969D170E44A4006E061A /* nav-print-queue-template@2x.png in Resources */ = {isa = PBXBuildFile; fileRef = 9CFD969B170E44A4006E061A /* nav-print-queue-template@2x.png */; };
		9CFD96A2170E4E46006E061A /* source-dropbox.png in Resources */ = {isa = PBXBuildFile; fileRef = 9CFD96A0170E4E46006E061A /* source-dropbox.png */; };
		9CFD96A3170E4E46006E061A /* source-dropbox@2x.png in Resources */ = {isa = PBXBuildFile; fileRef = 9CFD96A1170E4E46006E061A /* source-dropbox@2x.png */; };
		9CFD96A8170E5533006E061A /* source-website.png in Resources */ = {isa = PBXBuildFile; fileRef = 9CFD96A6170E5533006E061A /* source-website.png */; };
		9CFD96A9170E5533006E061A /* source-website@2x.png in Resources */ = {isa = PBXBuildFile; fileRef = 9CFD96A7170E5533006E061A /* source-website@2x.png */; };
		9CFD96AC170E5891006E061A /* source-photo-library.png in Resources */ = {isa = PBXBuildFile; fileRef = 9CFD96AA170E5891006E061A /* source-photo-library.png */; };
		9CFD96AD170E5891006E061A /* source-photo-library@2x.png in Resources */ = {isa = PBXBuildFile; fileRef = 9CFD96AB170E5891006E061A /* source-photo-library@2x.png */; };
		9CFD96B0170F1517006E061A /* print-table-footer.png in Resources */ = {isa = PBXBuildFile; fileRef = 9CFD96AE170F1517006E061A /* print-table-footer.png */; };
		9CFD96B1170F1517006E061A /* print-table-footer@2x.png in Resources */ = {isa = PBXBuildFile; fileRef = 9CFD96AF170F1517006E061A /* print-table-footer@2x.png */; };
		9CFD96B517104C95006E061A /* print-table-header.png in Resources */ = {isa = PBXBuildFile; fileRef = 9CFD96B317104C95006E061A /* print-table-header.png */; };
		9CFD96B617104C95006E061A /* print-table-header@2x.png in Resources */ = {isa = PBXBuildFile; fileRef = 9CFD96B417104C95006E061A /* print-table-header@2x.png */; };
		9CFD96B917104E67006E061A /* PRIPrintClient.m in Sources */ = {isa = PBXBuildFile; fileRef = 9CFD96B817104E67006E061A /* PRIPrintClient.m */; };
		9CFD96BC1710551A006E061A /* PRIPrintersAvailableParseOperation.m in Sources */ = {isa = PBXBuildFile; fileRef = 9CFD96BB1710551A006E061A /* PRIPrintersAvailableParseOperation.m */; };
		9CFD96D317106112006E061A /* PRIPrinter.m in Sources */ = {isa = PBXBuildFile; fileRef = 9CFD96D217106112006E061A /* PRIPrinter.m */; };
		9CFD96D41710692F006E061A /* libMantle.a in Frameworks */ = {isa = PBXBuildFile; fileRef = 9CFD96CB171060D4006E061A /* libMantle.a */; };
		9CFD96D717106A34006E061A /* PRIPrintersViewController.m in Sources */ = {isa = PBXBuildFile; fileRef = 9CFD96D617106A34006E061A /* PRIPrintersViewController.m */; };
		9CFD96DA17106CFE006E061A /* PRIPrinterTableViewCell.m in Sources */ = {isa = PBXBuildFile; fileRef = 9CFD96D917106CFE006E061A /* PRIPrinterTableViewCell.m */; };
/* End PBXBuildFile section */

/* Begin PBXContainerItemProxy section */
		9C19D4151757E3F400CE87EB /* PBXContainerItemProxy */ = {
			isa = PBXContainerItemProxy;
			containerPortal = 9C19D40E1757E3F300CE87EB /* CDKitt.xcodeproj */;
			proxyType = 2;
			remoteGlobalIDString = 9CF8BBE2163EC93100F34638;
			remoteInfo = "CDKitt-Mac";
		};
		9C19D4171757E3F400CE87EB /* PBXContainerItemProxy */ = {
			isa = PBXContainerItemProxy;
			containerPortal = 9C19D40E1757E3F300CE87EB /* CDKitt.xcodeproj */;
			proxyType = 2;
			remoteGlobalIDString = 9CF8BBFA163EC93200F34638;
			remoteInfo = CDKittTests;
		};
		9C19D4191757E3F400CE87EB /* PBXContainerItemProxy */ = {
			isa = PBXContainerItemProxy;
			containerPortal = 9C19D40E1757E3F300CE87EB /* CDKitt.xcodeproj */;
			proxyType = 2;
			remoteGlobalIDString = 9C1DE128164F1C0900120817;
			remoteInfo = "CDKitt-iOS";
		};
		9C19D41B1757E40500CE87EB /* PBXContainerItemProxy */ = {
			isa = PBXContainerItemProxy;
			containerPortal = 9C19D40E1757E3F300CE87EB /* CDKitt.xcodeproj */;
			proxyType = 1;
			remoteGlobalIDString = 9C1DE127164F1C0900120817;
			remoteInfo = "CDKitt-iOS";
		};
		9CE4C0EF170DFDF300DA04D9 /* PBXContainerItemProxy */ = {
			isa = PBXContainerItemProxy;
			containerPortal = 9CE4C0E9170DFDF200DA04D9 /* SSToolkit.xcodeproj */;
			proxyType = 2;
			remoteGlobalIDString = D2AAC07E0554694100DB518D;
			remoteInfo = SSToolkit;
		};
		9CE4C0F1170DFDF300DA04D9 /* PBXContainerItemProxy */ = {
			isa = PBXContainerItemProxy;
			containerPortal = 9CE4C0E9170DFDF200DA04D9 /* SSToolkit.xcodeproj */;
			proxyType = 2;
			remoteGlobalIDString = B239101D1357DC3E00ADE21B;
			remoteInfo = SSToolkitTests;
		};
		9CE4C0F3170DFDF300DA04D9 /* PBXContainerItemProxy */ = {
			isa = PBXContainerItemProxy;
			containerPortal = 9CE4C0E9170DFDF200DA04D9 /* SSToolkit.xcodeproj */;
			proxyType = 2;
			remoteGlobalIDString = B2C507EA151BA64400E94614;
			remoteInfo = SSToolkitResources;
		};
		9CE4C0F5170DFDFA00DA04D9 /* PBXContainerItemProxy */ = {
			isa = PBXContainerItemProxy;
			containerPortal = 9CE4C0E9170DFDF200DA04D9 /* SSToolkit.xcodeproj */;
			proxyType = 1;
			remoteGlobalIDString = D2AAC07D0554694100DB518D;
			remoteInfo = SSToolkit;
		};
		9CE4C0F7170DFDFF00DA04D9 /* PBXContainerItemProxy */ = {
			isa = PBXContainerItemProxy;
			containerPortal = 9CE4C0E9170DFDF200DA04D9 /* SSToolkit.xcodeproj */;
			proxyType = 1;
			remoteGlobalIDString = B2C507E9151BA64400E94614;
			remoteInfo = SSToolkitResources;
		};
		9CFD968C170E402D006E061A /* PBXContainerItemProxy */ = {
			isa = PBXContainerItemProxy;
			containerPortal = 9CE4C09E170CE6AE00DA04D9 /* Project object */;
			proxyType = 1;
			remoteGlobalIDString = 9CFD9688170E4018006E061A;
			remoteInfo = "Image Script";
		};
		9CFD96C6171060D4006E061A /* PBXContainerItemProxy */ = {
			isa = PBXContainerItemProxy;
			containerPortal = 9CFD96BD171060D3006E061A /* Mantle.xcodeproj */;
			proxyType = 2;
			remoteGlobalIDString = D042FC3C15F72B23004E8054;
			remoteInfo = "Mantle Mac";
		};
		9CFD96C8171060D4006E061A /* PBXContainerItemProxy */ = {
			isa = PBXContainerItemProxy;
			containerPortal = 9CFD96BD171060D3006E061A /* Mantle.xcodeproj */;
			proxyType = 2;
			remoteGlobalIDString = D042FC5415F72B23004E8054;
			remoteInfo = "Mantle Mac Tests";
		};
		9CFD96CA171060D4006E061A /* PBXContainerItemProxy */ = {
			isa = PBXContainerItemProxy;
			containerPortal = 9CFD96BD171060D3006E061A /* Mantle.xcodeproj */;
			proxyType = 2;
			remoteGlobalIDString = D042FC7915F72BC7004E8054;
			remoteInfo = "Mantle iOS";
		};
		9CFD96CC171060D4006E061A /* PBXContainerItemProxy */ = {
			isa = PBXContainerItemProxy;
			containerPortal = 9CFD96BD171060D3006E061A /* Mantle.xcodeproj */;
			proxyType = 2;
			remoteGlobalIDString = D042FC8715F72BC7004E8054;
			remoteInfo = "Mantle iOS Tests";
		};
		9CFD96CE171060E8006E061A /* PBXContainerItemProxy */ = {
			isa = PBXContainerItemProxy;
			containerPortal = 9CFD96BD171060D3006E061A /* Mantle.xcodeproj */;
			proxyType = 1;
			remoteGlobalIDString = D042FC7815F72BC7004E8054;
			remoteInfo = "Mantle iOS";
		};
/* End PBXContainerItemProxy section */

/* Begin PBXFileReference section */
		9C19D40E1757E3F300CE87EB /* CDKitt.xcodeproj */ = {isa = PBXFileReference; lastKnownFileType = "wrapper.pb-project"; name = CDKitt.xcodeproj; path = Vendor/CDKitt/CDKitt.xcodeproj; sourceTree = "<group>"; };
		9C19D4311757EB3600CE87EB /* PRIAuthorizationViewController.h */ = {isa = PBXFileReference; fileEncoding = 4; lastKnownFileType = sourcecode.c.h; path = PRIAuthorizationViewController.h; sourceTree = "<group>"; };
		9C19D4321757EB3600CE87EB /* PRIAuthorizationViewController.m */ = {isa = PBXFileReference; fileEncoding = 4; lastKnownFileType = sourcecode.c.objc; path = PRIAuthorizationViewController.m; sourceTree = "<group>"; };
		9CADC7AA1758160500524DCE /* libBlocksKit.a */ = {isa = PBXFileReference; lastKnownFileType = archive.ar; path = libBlocksKit.a; sourceTree = "<group>"; };
		9CADC7DB175816C900524DCE /* A2BlockDelegate.h */ = {isa = PBXFileReference; fileEncoding = 4; lastKnownFileType = sourcecode.c.h; path = A2BlockDelegate.h; sourceTree = "<group>"; };
		9CADC7DC175816C900524DCE /* A2BlockInvocation.h */ = {isa = PBXFileReference; fileEncoding = 4; lastKnownFileType = sourcecode.c.h; path = A2BlockInvocation.h; sourceTree = "<group>"; };
		9CADC7DD175816C900524DCE /* A2DynamicDelegate.h */ = {isa = PBXFileReference; fileEncoding = 4; lastKnownFileType = sourcecode.c.h; path = A2DynamicDelegate.h; sourceTree = "<group>"; };
		9CADC7DE175816C900524DCE /* BKGlobals.h */ = {isa = PBXFileReference; fileEncoding = 4; lastKnownFileType = sourcecode.c.h; path = BKGlobals.h; sourceTree = "<group>"; };
		9CADC7DF175816C900524DCE /* BKMacros.h */ = {isa = PBXFileReference; fileEncoding = 4; lastKnownFileType = sourcecode.c.h; path = BKMacros.h; sourceTree = "<group>"; };
		9CADC7E0175816C900524DCE /* BlocksKit.h */ = {isa = PBXFileReference; fileEncoding = 4; lastKnownFileType = sourcecode.c.h; path = BlocksKit.h; sourceTree = "<group>"; };
		9CADC7E1175816C900524DCE /* ffi.h */ = {isa = PBXFileReference; fileEncoding = 4; lastKnownFileType = sourcecode.c.h; path = ffi.h; sourceTree = "<group>"; };
		9CADC7E2175816C900524DCE /* ffi_armv7.h */ = {isa = PBXFileReference; fileEncoding = 4; lastKnownFileType = sourcecode.c.h; path = ffi_armv7.h; sourceTree = "<group>"; };
		9CADC7E3175816C900524DCE /* ffi_common.h */ = {isa = PBXFileReference; fileEncoding = 4; lastKnownFileType = sourcecode.c.h; path = ffi_common.h; sourceTree = "<group>"; };
		9CADC7E4175816C900524DCE /* ffi_i386.h */ = {isa = PBXFileReference; fileEncoding = 4; lastKnownFileType = sourcecode.c.h; path = ffi_i386.h; sourceTree = "<group>"; };
		9CADC7E5175816C900524DCE /* fficonfig.h */ = {isa = PBXFileReference; fileEncoding = 4; lastKnownFileType = sourcecode.c.h; path = fficonfig.h; sourceTree = "<group>"; };
		9CADC7E6175816C900524DCE /* fficonfig_armv7.h */ = {isa = PBXFileReference; fileEncoding = 4; lastKnownFileType = sourcecode.c.h; path = fficonfig_armv7.h; sourceTree = "<group>"; };
		9CADC7E7175816C900524DCE /* fficonfig_i386.h */ = {isa = PBXFileReference; fileEncoding = 4; lastKnownFileType = sourcecode.c.h; path = fficonfig_i386.h; sourceTree = "<group>"; };
		9CADC7E8175816C900524DCE /* ffitarget.h */ = {isa = PBXFileReference; fileEncoding = 4; lastKnownFileType = sourcecode.c.h; path = ffitarget.h; sourceTree = "<group>"; };
		9CADC7E9175816C900524DCE /* ffitarget_armv7.h */ = {isa = PBXFileReference; fileEncoding = 4; lastKnownFileType = sourcecode.c.h; path = ffitarget_armv7.h; sourceTree = "<group>"; };
		9CADC7EA175816C900524DCE /* ffitarget_i386.h */ = {isa = PBXFileReference; fileEncoding = 4; lastKnownFileType = sourcecode.c.h; path = ffitarget_i386.h; sourceTree = "<group>"; };
		9CADC7EB175816C900524DCE /* MFMailComposeViewController+BlocksKit.h */ = {isa = PBXFileReference; fileEncoding = 4; lastKnownFileType = sourcecode.c.h; path = "MFMailComposeViewController+BlocksKit.h"; sourceTree = "<group>"; };
		9CADC7EC175816C900524DCE /* MFMessageComposeViewController+BlocksKit.h */ = {isa = PBXFileReference; fileEncoding = 4; lastKnownFileType = sourcecode.c.h; path = "MFMessageComposeViewController+BlocksKit.h"; sourceTree = "<group>"; };
		9CADC7ED175816C900524DCE /* NSArray+BlocksKit.h */ = {isa = PBXFileReference; fileEncoding = 4; lastKnownFileType = sourcecode.c.h; path = "NSArray+BlocksKit.h"; sourceTree = "<group>"; };
		9CADC7EE175816C900524DCE /* NSCache+BlocksKit.h */ = {isa = PBXFileReference; fileEncoding = 4; lastKnownFileType = sourcecode.c.h; path = "NSCache+BlocksKit.h"; sourceTree = "<group>"; };
		9CADC7EF175816C900524DCE /* NSDictionary+BlocksKit.h */ = {isa = PBXFileReference; fileEncoding = 4; lastKnownFileType = sourcecode.c.h; path = "NSDictionary+BlocksKit.h"; sourceTree = "<group>"; };
		9CADC7F0175816C900524DCE /* NSIndexSet+BlocksKit.h */ = {isa = PBXFileReference; fileEncoding = 4; lastKnownFileType = sourcecode.c.h; path = "NSIndexSet+BlocksKit.h"; sourceTree = "<group>"; };
		9CADC7F1175816C900524DCE /* NSInvocation+BlocksKit.h */ = {isa = PBXFileReference; fileEncoding = 4; lastKnownFileType = sourcecode.c.h; path = "NSInvocation+BlocksKit.h"; sourceTree = "<group>"; };
		9CADC7F2175816C900524DCE /* NSMutableArray+BlocksKit.h */ = {isa = PBXFileReference; fileEncoding = 4; lastKnownFileType = sourcecode.c.h; path = "NSMutableArray+BlocksKit.h"; sourceTree = "<group>"; };
		9CADC7F3175816C900524DCE /* NSMutableDictionary+BlocksKit.h */ = {isa = PBXFileReference; fileEncoding = 4; lastKnownFileType = sourcecode.c.h; path = "NSMutableDictionary+BlocksKit.h"; sourceTree = "<group>"; };
		9CADC7F4175816C900524DCE /* NSMutableIndexSet+BlocksKit.h */ = {isa = PBXFileReference; fileEncoding = 4; lastKnownFileType = sourcecode.c.h; path = "NSMutableIndexSet+BlocksKit.h"; sourceTree = "<group>"; };
		9CADC7F5175816C900524DCE /* NSMutableOrderedSet+BlocksKit.h */ = {isa = PBXFileReference; fileEncoding = 4; lastKnownFileType = sourcecode.c.h; path = "NSMutableOrderedSet+BlocksKit.h"; sourceTree = "<group>"; };
		9CADC7F6175816C900524DCE /* NSMutableSet+BlocksKit.h */ = {isa = PBXFileReference; fileEncoding = 4; lastKnownFileType = sourcecode.c.h; path = "NSMutableSet+BlocksKit.h"; sourceTree = "<group>"; };
		9CADC7F7175816C900524DCE /* NSObject+A2DynamicDelegate.h */ = {isa = PBXFileReference; fileEncoding = 4; lastKnownFileType = sourcecode.c.h; path = "NSObject+A2DynamicDelegate.h"; sourceTree = "<group>"; };
		9CADC7F8175816C900524DCE /* NSObject+AssociatedObjects.h */ = {isa = PBXFileReference; fileEncoding = 4; lastKnownFileType = sourcecode.c.h; path = "NSObject+AssociatedObjects.h"; sourceTree = "<group>"; };
		9CADC7F9175816C900524DCE /* NSObject+BlockObservation.h */ = {isa = PBXFileReference; fileEncoding = 4; lastKnownFileType = sourcecode.c.h; path = "NSObject+BlockObservation.h"; sourceTree = "<group>"; };
		9CADC7FA175816C900524DCE /* NSObject+BlocksKit.h */ = {isa = PBXFileReference; fileEncoding = 4; lastKnownFileType = sourcecode.c.h; path = "NSObject+BlocksKit.h"; sourceTree = "<group>"; };
		9CADC7FB175816C900524DCE /* NSOrderedSet+BlocksKit.h */ = {isa = PBXFileReference; fileEncoding = 4; lastKnownFileType = sourcecode.c.h; path = "NSOrderedSet+BlocksKit.h"; sourceTree = "<group>"; };
		9CADC7FC175816C900524DCE /* NSSet+BlocksKit.h */ = {isa = PBXFileReference; fileEncoding = 4; lastKnownFileType = sourcecode.c.h; path = "NSSet+BlocksKit.h"; sourceTree = "<group>"; };
		9CADC7FD175816C900524DCE /* NSTimer+BlocksKit.h */ = {isa = PBXFileReference; fileEncoding = 4; lastKnownFileType = sourcecode.c.h; path = "NSTimer+BlocksKit.h"; sourceTree = "<group>"; };
		9CADC7FE175816C900524DCE /* NSURLConnection+BlocksKit.h */ = {isa = PBXFileReference; fileEncoding = 4; lastKnownFileType = sourcecode.c.h; path = "NSURLConnection+BlocksKit.h"; sourceTree = "<group>"; };
		9CADC7FF175816C900524DCE /* UIActionSheet+BlocksKit.h */ = {isa = PBXFileReference; fileEncoding = 4; lastKnownFileType = sourcecode.c.h; path = "UIActionSheet+BlocksKit.h"; sourceTree = "<group>"; };
		9CADC800175816C900524DCE /* UIAlertView+BlocksKit.h */ = {isa = PBXFileReference; fileEncoding = 4; lastKnownFileType = sourcecode.c.h; path = "UIAlertView+BlocksKit.h"; sourceTree = "<group>"; };
		9CADC801175816C900524DCE /* UIBarButtonItem+BlocksKit.h */ = {isa = PBXFileReference; fileEncoding = 4; lastKnownFileType = sourcecode.c.h; path = "UIBarButtonItem+BlocksKit.h"; sourceTree = "<group>"; };
		9CADC802175816C900524DCE /* UIControl+BlocksKit.h */ = {isa = PBXFileReference; fileEncoding = 4; lastKnownFileType = sourcecode.c.h; path = "UIControl+BlocksKit.h"; sourceTree = "<group>"; };
		9CADC803175816C900524DCE /* UIGestureRecognizer+BlocksKit.h */ = {isa = PBXFileReference; fileEncoding = 4; lastKnownFileType = sourcecode.c.h; path = "UIGestureRecognizer+BlocksKit.h"; sourceTree = "<group>"; };
		9CADC804175816C900524DCE /* UIPopoverController+BlocksKit.h */ = {isa = PBXFileReference; fileEncoding = 4; lastKnownFileType = sourcecode.c.h; path = "UIPopoverController+BlocksKit.h"; sourceTree = "<group>"; };
		9CADC805175816C900524DCE /* UIView+BlocksKit.h */ = {isa = PBXFileReference; fileEncoding = 4; lastKnownFileType = sourcecode.c.h; path = "UIView+BlocksKit.h"; sourceTree = "<group>"; };
		9CADC806175816C900524DCE /* UIWebView+BlocksKit.h */ = {isa = PBXFileReference; fileEncoding = 4; lastKnownFileType = sourcecode.c.h; path = "UIWebView+BlocksKit.h"; sourceTree = "<group>"; };
		9CADC80B175821BC00524DCE /* UITextField+PRIResponderChain.h */ = {isa = PBXFileReference; fileEncoding = 4; lastKnownFileType = sourcecode.c.h; path = "UITextField+PRIResponderChain.h"; sourceTree = "<group>"; };
		9CADC80C175821BC00524DCE /* UITextField+PRIResponderChain.m */ = {isa = PBXFileReference; fileEncoding = 4; lastKnownFileType = sourcecode.c.objc; path = "UITextField+PRIResponderChain.m"; sourceTree = "<group>"; };
		9CB56A1B1711B9920076F981 /* TFHpple.h */ = {isa = PBXFileReference; fileEncoding = 4; lastKnownFileType = sourcecode.c.h; name = TFHpple.h; path = Vendor/Hpple/TFHpple.h; sourceTree = "<group>"; };
		9CB56A1C1711B9920076F981 /* TFHpple.m */ = {isa = PBXFileReference; fileEncoding = 4; lastKnownFileType = sourcecode.c.objc; name = TFHpple.m; path = Vendor/Hpple/TFHpple.m; sourceTree = "<group>"; };
		9CB56A1D1711B9920076F981 /* TFHppleElement.h */ = {isa = PBXFileReference; fileEncoding = 4; lastKnownFileType = sourcecode.c.h; name = TFHppleElement.h; path = Vendor/Hpple/TFHppleElement.h; sourceTree = "<group>"; };
		9CB56A1E1711B9920076F981 /* TFHppleElement.m */ = {isa = PBXFileReference; fileEncoding = 4; lastKnownFileType = sourcecode.c.objc; name = TFHppleElement.m; path = Vendor/Hpple/TFHppleElement.m; sourceTree = "<group>"; };
		9CB56A1F1711B9920076F981 /* XPathQuery.h */ = {isa = PBXFileReference; fileEncoding = 4; lastKnownFileType = sourcecode.c.h; name = XPathQuery.h; path = Vendor/Hpple/XPathQuery.h; sourceTree = "<group>"; };
		9CB56A201711B9920076F981 /* XPathQuery.m */ = {isa = PBXFileReference; fileEncoding = 4; lastKnownFileType = sourcecode.c.objc; name = XPathQuery.m; path = Vendor/Hpple/XPathQuery.m; sourceTree = "<group>"; };
		9CB56A241711BA680076F981 /* libxml2.dylib */ = {isa = PBXFileReference; lastKnownFileType = "compiled.mach-o.dylib"; name = libxml2.dylib; path = usr/lib/libxml2.dylib; sourceTree = SDKROOT; };
		9CB56A321711CBCA0076F981 /* NSString+PRIURLHelpers.h */ = {isa = PBXFileReference; fileEncoding = 4; lastKnownFileType = sourcecode.c.h; path = "NSString+PRIURLHelpers.h"; sourceTree = "<group>"; };
		9CB56A331711CBCA0076F981 /* NSString+PRIURLHelpers.m */ = {isa = PBXFileReference; fileEncoding = 4; lastKnownFileType = sourcecode.c.objc; path = "NSString+PRIURLHelpers.m"; sourceTree = "<group>"; };
		9CB56A391711FE690076F981 /* PRIFile.h */ = {isa = PBXFileReference; fileEncoding = 4; lastKnownFileType = sourcecode.c.h; path = PRIFile.h; sourceTree = "<group>"; };
		9CB56A3A1711FE690076F981 /* PRIFile.m */ = {isa = PBXFileReference; fileEncoding = 4; lastKnownFileType = sourcecode.c.objc; path = PRIFile.m; sourceTree = "<group>"; };
		9CB56A3C171211540076F981 /* NSUserDefaults+Prismatic.h */ = {isa = PBXFileReference; fileEncoding = 4; lastKnownFileType = sourcecode.c.h; path = "NSUserDefaults+Prismatic.h"; sourceTree = "<group>"; };
		9CB56A3D171211540076F981 /* NSUserDefaults+Prismatic.m */ = {isa = PBXFileReference; fileEncoding = 4; lastKnownFileType = sourcecode.c.objc; path = "NSUserDefaults+Prismatic.m"; sourceTree = "<group>"; };
		9CE4C0A6170CE6AE00DA04D9 /* Prismatic.app */ = {isa = PBXFileReference; explicitFileType = wrapper.application; includeInIndex = 0; path = Prismatic.app; sourceTree = BUILT_PRODUCTS_DIR; };
		9CE4C0A9170CE6AE00DA04D9 /* UIKit.framework */ = {isa = PBXFileReference; lastKnownFileType = wrapper.framework; name = UIKit.framework; path = System/Library/Frameworks/UIKit.framework; sourceTree = SDKROOT; };
		9CE4C0AB170CE6AE00DA04D9 /* Foundation.framework */ = {isa = PBXFileReference; lastKnownFileType = wrapper.framework; name = Foundation.framework; path = System/Library/Frameworks/Foundation.framework; sourceTree = SDKROOT; };
		9CE4C0AD170CE6AE00DA04D9 /* CoreGraphics.framework */ = {isa = PBXFileReference; lastKnownFileType = wrapper.framework; name = CoreGraphics.framework; path = System/Library/Frameworks/CoreGraphics.framework; sourceTree = SDKROOT; };
		9CE4C0B1170CE6AE00DA04D9 /* Prismatic-Info.plist */ = {isa = PBXFileReference; lastKnownFileType = text.plist.xml; path = "Prismatic-Info.plist"; sourceTree = "<group>"; };
		9CE4C0B3170CE6AE00DA04D9 /* en */ = {isa = PBXFileReference; lastKnownFileType = text.plist.strings; name = en; path = en.lproj/InfoPlist.strings; sourceTree = "<group>"; };
		9CE4C0B5170CE6AE00DA04D9 /* main.m */ = {isa = PBXFileReference; lastKnownFileType = sourcecode.c.objc; path = main.m; sourceTree = "<group>"; };
		9CE4C0B7170CE6AE00DA04D9 /* Prismatic-Prefix.pch */ = {isa = PBXFileReference; lastKnownFileType = sourcecode.c.h; path = "Prismatic-Prefix.pch"; sourceTree = "<group>"; };
		9CE4C0B8170CE6AE00DA04D9 /* PRIAppDelegate.h */ = {isa = PBXFileReference; lastKnownFileType = sourcecode.c.h; path = PRIAppDelegate.h; sourceTree = "<group>"; };
		9CE4C0B9170CE6AE00DA04D9 /* PRIAppDelegate.m */ = {isa = PBXFileReference; lastKnownFileType = sourcecode.c.objc; path = PRIAppDelegate.m; sourceTree = "<group>"; };
		9CE4C0BB170CE6AE00DA04D9 /* Default.png */ = {isa = PBXFileReference; lastKnownFileType = image.png; path = Default.png; sourceTree = "<group>"; };
		9CE4C0BD170CE6AE00DA04D9 /* Default@2x.png */ = {isa = PBXFileReference; lastKnownFileType = image.png; path = "Default@2x.png"; sourceTree = "<group>"; };
		9CE4C0BF170CE6AE00DA04D9 /* Default-568h@2x.png */ = {isa = PBXFileReference; lastKnownFileType = image.png; path = "Default-568h@2x.png"; sourceTree = "<group>"; };
		9CE4C0C2170CE6AE00DA04D9 /* en */ = {isa = PBXFileReference; lastKnownFileType = file.storyboard; name = en; path = en.lproj/MainStoryboard_iPhone.storyboard; sourceTree = "<group>"; };
		9CE4C0C5170CE6AE00DA04D9 /* en */ = {isa = PBXFileReference; lastKnownFileType = file.storyboard; name = en; path = en.lproj/MainStoryboard_iPad.storyboard; sourceTree = "<group>"; };
		9CE4C0D2170CE73F00DA04D9 /* SystemConfiguration.framework */ = {isa = PBXFileReference; lastKnownFileType = wrapper.framework; name = SystemConfiguration.framework; path = System/Library/Frameworks/SystemConfiguration.framework; sourceTree = SDKROOT; };
		9CE4C0D4170CE74400DA04D9 /* MobileCoreServices.framework */ = {isa = PBXFileReference; lastKnownFileType = wrapper.framework; name = MobileCoreServices.framework; path = System/Library/Frameworks/MobileCoreServices.framework; sourceTree = SDKROOT; };
		9CE4C0D8170CF72800DA04D9 /* PRIStyleController.h */ = {isa = PBXFileReference; fileEncoding = 4; lastKnownFileType = sourcecode.c.h; path = PRIStyleController.h; sourceTree = "<group>"; };
		9CE4C0D9170CF72800DA04D9 /* PRIStyleController.m */ = {isa = PBXFileReference; fileEncoding = 4; lastKnownFileType = sourcecode.c.objc; path = PRIStyleController.m; sourceTree = "<group>"; };
		9CE4C0E4170DFDBA00DA04D9 /* QuartzCore.framework */ = {isa = PBXFileReference; lastKnownFileType = wrapper.framework; name = QuartzCore.framework; path = System/Library/Frameworks/QuartzCore.framework; sourceTree = SDKROOT; };
		9CE4C0E6170DFDC100DA04D9 /* MessageUI.framework */ = {isa = PBXFileReference; lastKnownFileType = wrapper.framework; name = MessageUI.framework; path = System/Library/Frameworks/MessageUI.framework; sourceTree = SDKROOT; };
		9CE4C0E9170DFDF200DA04D9 /* SSToolkit.xcodeproj */ = {isa = PBXFileReference; lastKnownFileType = "wrapper.pb-project"; name = SSToolkit.xcodeproj; path = Vendor/SSToolkit/SSToolkit.xcodeproj; sourceTree = "<group>"; };
		9CFD962A170DFF65006E061A /* AFHTTPClient.h */ = {isa = PBXFileReference; fileEncoding = 4; lastKnownFileType = sourcecode.c.h; path = AFHTTPClient.h; sourceTree = "<group>"; };
		9CFD962B170DFF65006E061A /* AFHTTPClient.m */ = {isa = PBXFileReference; fileEncoding = 4; lastKnownFileType = sourcecode.c.objc; path = AFHTTPClient.m; sourceTree = "<group>"; };
		9CFD962C170DFF65006E061A /* AFHTTPRequestOperation.h */ = {isa = PBXFileReference; fileEncoding = 4; lastKnownFileType = sourcecode.c.h; path = AFHTTPRequestOperation.h; sourceTree = "<group>"; };
		9CFD962D170DFF65006E061A /* AFHTTPRequestOperation.m */ = {isa = PBXFileReference; fileEncoding = 4; lastKnownFileType = sourcecode.c.objc; path = AFHTTPRequestOperation.m; sourceTree = "<group>"; };
		9CFD962E170DFF65006E061A /* AFImageRequestOperation.h */ = {isa = PBXFileReference; fileEncoding = 4; lastKnownFileType = sourcecode.c.h; path = AFImageRequestOperation.h; sourceTree = "<group>"; };
		9CFD962F170DFF65006E061A /* AFImageRequestOperation.m */ = {isa = PBXFileReference; fileEncoding = 4; lastKnownFileType = sourcecode.c.objc; path = AFImageRequestOperation.m; sourceTree = "<group>"; };
		9CFD9630170DFF65006E061A /* AFJSONRequestOperation.h */ = {isa = PBXFileReference; fileEncoding = 4; lastKnownFileType = sourcecode.c.h; path = AFJSONRequestOperation.h; sourceTree = "<group>"; };
		9CFD9631170DFF65006E061A /* AFJSONRequestOperation.m */ = {isa = PBXFileReference; fileEncoding = 4; lastKnownFileType = sourcecode.c.objc; path = AFJSONRequestOperation.m; sourceTree = "<group>"; };
		9CFD9632170DFF65006E061A /* AFNetworkActivityIndicatorManager.h */ = {isa = PBXFileReference; fileEncoding = 4; lastKnownFileType = sourcecode.c.h; path = AFNetworkActivityIndicatorManager.h; sourceTree = "<group>"; };
		9CFD9633170DFF65006E061A /* AFNetworkActivityIndicatorManager.m */ = {isa = PBXFileReference; fileEncoding = 4; lastKnownFileType = sourcecode.c.objc; path = AFNetworkActivityIndicatorManager.m; sourceTree = "<group>"; };
		9CFD9634170DFF65006E061A /* AFNetworking.h */ = {isa = PBXFileReference; fileEncoding = 4; lastKnownFileType = sourcecode.c.h; path = AFNetworking.h; sourceTree = "<group>"; };
		9CFD9635170DFF65006E061A /* AFPropertyListRequestOperation.h */ = {isa = PBXFileReference; fileEncoding = 4; lastKnownFileType = sourcecode.c.h; path = AFPropertyListRequestOperation.h; sourceTree = "<group>"; };
		9CFD9636170DFF65006E061A /* AFPropertyListRequestOperation.m */ = {isa = PBXFileReference; fileEncoding = 4; lastKnownFileType = sourcecode.c.objc; path = AFPropertyListRequestOperation.m; sourceTree = "<group>"; };
		9CFD9637170DFF65006E061A /* AFURLConnectionOperation.h */ = {isa = PBXFileReference; fileEncoding = 4; lastKnownFileType = sourcecode.c.h; path = AFURLConnectionOperation.h; sourceTree = "<group>"; };
		9CFD9638170DFF65006E061A /* AFURLConnectionOperation.m */ = {isa = PBXFileReference; fileEncoding = 4; lastKnownFileType = sourcecode.c.objc; path = AFURLConnectionOperation.m; sourceTree = "<group>"; };
		9CFD9639170DFF65006E061A /* AFXMLRequestOperation.h */ = {isa = PBXFileReference; fileEncoding = 4; lastKnownFileType = sourcecode.c.h; path = AFXMLRequestOperation.h; sourceTree = "<group>"; };
		9CFD963A170DFF65006E061A /* AFXMLRequestOperation.m */ = {isa = PBXFileReference; fileEncoding = 4; lastKnownFileType = sourcecode.c.objc; path = AFXMLRequestOperation.m; sourceTree = "<group>"; };
		9CFD963B170DFF65006E061A /* UIImageView+AFNetworking.h */ = {isa = PBXFileReference; fileEncoding = 4; lastKnownFileType = sourcecode.c.h; path = "UIImageView+AFNetworking.h"; sourceTree = "<group>"; };
		9CFD963C170DFF65006E061A /* UIImageView+AFNetworking.m */ = {isa = PBXFileReference; fileEncoding = 4; lastKnownFileType = sourcecode.c.objc; path = "UIImageView+AFNetworking.m"; sourceTree = "<group>"; };
		9CFD9648170DFF98006E061A /* Common.xcconfig */ = {isa = PBXFileReference; lastKnownFileType = text.xcconfig; path = Common.xcconfig; sourceTree = "<group>"; };
		9CFD964A170DFF98006E061A /* Debug.xcconfig */ = {isa = PBXFileReference; lastKnownFileType = text.xcconfig; path = Debug.xcconfig; sourceTree = "<group>"; };
		9CFD964B170DFF98006E061A /* Profile.xcconfig */ = {isa = PBXFileReference; lastKnownFileType = text.xcconfig; path = Profile.xcconfig; sourceTree = "<group>"; };
		9CFD964C170DFF98006E061A /* Release.xcconfig */ = {isa = PBXFileReference; lastKnownFileType = text.xcconfig; path = Release.xcconfig; sourceTree = "<group>"; };
		9CFD964E170DFF98006E061A /* Application.xcconfig */ = {isa = PBXFileReference; lastKnownFileType = text.xcconfig; path = Application.xcconfig; sourceTree = "<group>"; };
		9CFD964F170DFF98006E061A /* StaticLibrary.xcconfig */ = {isa = PBXFileReference; lastKnownFileType = text.xcconfig; path = StaticLibrary.xcconfig; sourceTree = "<group>"; };
		9CFD9651170DFF98006E061A /* iOS-Application.xcconfig */ = {isa = PBXFileReference; lastKnownFileType = text.xcconfig; path = "iOS-Application.xcconfig"; sourceTree = "<group>"; };
		9CFD9652170DFF98006E061A /* iOS-Base.xcconfig */ = {isa = PBXFileReference; lastKnownFileType = text.xcconfig; path = "iOS-Base.xcconfig"; sourceTree = "<group>"; };
		9CFD9653170DFF98006E061A /* iOS-StaticLibrary.xcconfig */ = {isa = PBXFileReference; lastKnownFileType = text.xcconfig; path = "iOS-StaticLibrary.xcconfig"; sourceTree = "<group>"; };
		9CFD9655170DFF98006E061A /* Mac-Application.xcconfig */ = {isa = PBXFileReference; lastKnownFileType = text.xcconfig; path = "Mac-Application.xcconfig"; sourceTree = "<group>"; };
		9CFD9656170DFF98006E061A /* Mac-Base.xcconfig */ = {isa = PBXFileReference; lastKnownFileType = text.xcconfig; path = "Mac-Base.xcconfig"; sourceTree = "<group>"; };
		9CFD9657170DFF98006E061A /* Mac-DynamicLibrary.xcconfig */ = {isa = PBXFileReference; lastKnownFileType = text.xcconfig; path = "Mac-DynamicLibrary.xcconfig"; sourceTree = "<group>"; };
		9CFD9658170DFF98006E061A /* Mac-Framework.xcconfig */ = {isa = PBXFileReference; lastKnownFileType = text.xcconfig; path = "Mac-Framework.xcconfig"; sourceTree = "<group>"; };
		9CFD9659170DFF98006E061A /* Mac-StaticLibrary.xcconfig */ = {isa = PBXFileReference; lastKnownFileType = text.xcconfig; path = "Mac-StaticLibrary.xcconfig"; sourceTree = "<group>"; };
		9CFD965A170DFF98006E061A /* README.md */ = {isa = PBXFileReference; lastKnownFileType = text; path = README.md; sourceTree = "<group>"; };
		9CFD965C170E00B8006E061A /* UIFont+Prismatic.h */ = {isa = PBXFileReference; fileEncoding = 4; lastKnownFileType = sourcecode.c.h; path = "UIFont+Prismatic.h"; sourceTree = "<group>"; };
		9CFD965D170E00B8006E061A /* UIFont+Prismatic.m */ = {isa = PBXFileReference; fileEncoding = 4; lastKnownFileType = sourcecode.c.objc; path = "UIFont+Prismatic.m"; sourceTree = "<group>"; };
		9CFD9667170E0331006E061A /* PRIPrintViewController.h */ = {isa = PBXFileReference; fileEncoding = 4; lastKnownFileType = sourcecode.c.h; path = PRIPrintViewController.h; sourceTree = "<group>"; };
		9CFD9668170E0331006E061A /* PRIPrintViewController.m */ = {isa = PBXFileReference; fileEncoding = 4; lastKnownFileType = sourcecode.c.objc; path = PRIPrintViewController.m; sourceTree = "<group>"; };
		9CFD966C170E0EB7006E061A /* PRITableViewController.h */ = {isa = PBXFileReference; fileEncoding = 4; lastKnownFileType = sourcecode.c.h; path = PRITableViewController.h; sourceTree = "<group>"; };
		9CFD966D170E0EB7006E061A /* PRITableViewController.m */ = {isa = PBXFileReference; fileEncoding = 4; lastKnownFileType = sourcecode.c.objc; path = PRITableViewController.m; sourceTree = "<group>"; };
		9CFD966F170E10FC006E061A /* PRISourcesViewController.h */ = {isa = PBXFileReference; fileEncoding = 4; lastKnownFileType = sourcecode.c.h; path = PRISourcesViewController.h; sourceTree = "<group>"; };
		9CFD9670170E10FC006E061A /* PRISourcesViewController.m */ = {isa = PBXFileReference; fileEncoding = 4; lastKnownFileType = sourcecode.c.objc; path = PRISourcesViewController.m; sourceTree = "<group>"; };
		9CFD9675170E38C9006E061A /* Crashlytics.framework */ = {isa = PBXFileReference; lastKnownFileType = wrapper.framework; name = Crashlytics.framework; path = Vendor/Crashlytics.framework; sourceTree = "<group>"; };
		9CFD968E170E4069006E061A /* UIImage+PRIAppImages.h */ = {isa = PBXFileReference; fileEncoding = 4; lastKnownFileType = sourcecode.c.h; path = "UIImage+PRIAppImages.h"; sourceTree = "<group>"; };
		9CFD968F170E4069006E061A /* UIImage+PRIAppImages.m */ = {isa = PBXFileReference; fileEncoding = 4; lastKnownFileType = sourcecode.c.objc; path = "UIImage+PRIAppImages.m"; sourceTree = "<group>"; };
		9CFD9696170E425C006E061A /* nav-settings-template.png */ = {isa = PBXFileReference; lastKnownFileType = image.png; path = "nav-settings-template.png"; sourceTree = "<group>"; };
		9CFD9697170E425C006E061A /* nav-settings-template@2x.png */ = {isa = PBXFileReference; lastKnownFileType = image.png; path = "nav-settings-template@2x.png"; sourceTree = "<group>"; };
		9CFD969A170E44A4006E061A /* nav-print-queue-template.png */ = {isa = PBXFileReference; lastKnownFileType = image.png; path = "nav-print-queue-template.png"; sourceTree = "<group>"; };
		9CFD969B170E44A4006E061A /* nav-print-queue-template@2x.png */ = {isa = PBXFileReference; lastKnownFileType = image.png; path = "nav-print-queue-template@2x.png"; sourceTree = "<group>"; };
		9CFD96A0170E4E46006E061A /* source-dropbox.png */ = {isa = PBXFileReference; lastKnownFileType = image.png; path = "source-dropbox.png"; sourceTree = "<group>"; };
		9CFD96A1170E4E46006E061A /* source-dropbox@2x.png */ = {isa = PBXFileReference; lastKnownFileType = image.png; path = "source-dropbox@2x.png"; sourceTree = "<group>"; };
		9CFD96A6170E5533006E061A /* source-website.png */ = {isa = PBXFileReference; lastKnownFileType = image.png; path = "source-website.png"; sourceTree = "<group>"; };
		9CFD96A7170E5533006E061A /* source-website@2x.png */ = {isa = PBXFileReference; lastKnownFileType = image.png; path = "source-website@2x.png"; sourceTree = "<group>"; };
		9CFD96AA170E5891006E061A /* source-photo-library.png */ = {isa = PBXFileReference; lastKnownFileType = image.png; path = "source-photo-library.png"; sourceTree = "<group>"; };
		9CFD96AB170E5891006E061A /* source-photo-library@2x.png */ = {isa = PBXFileReference; lastKnownFileType = image.png; path = "source-photo-library@2x.png"; sourceTree = "<group>"; };
		9CFD96AE170F1517006E061A /* print-table-footer.png */ = {isa = PBXFileReference; lastKnownFileType = image.png; path = "print-table-footer.png"; sourceTree = "<group>"; };
		9CFD96AF170F1517006E061A /* print-table-footer@2x.png */ = {isa = PBXFileReference; lastKnownFileType = image.png; path = "print-table-footer@2x.png"; sourceTree = "<group>"; };
		9CFD96B317104C95006E061A /* print-table-header.png */ = {isa = PBXFileReference; lastKnownFileType = image.png; path = "print-table-header.png"; sourceTree = "<group>"; };
		9CFD96B417104C95006E061A /* print-table-header@2x.png */ = {isa = PBXFileReference; lastKnownFileType = image.png; path = "print-table-header@2x.png"; sourceTree = "<group>"; };
		9CFD96B717104E67006E061A /* PRIPrintClient.h */ = {isa = PBXFileReference; fileEncoding = 4; lastKnownFileType = sourcecode.c.h; path = PRIPrintClient.h; sourceTree = "<group>"; };
		9CFD96B817104E67006E061A /* PRIPrintClient.m */ = {isa = PBXFileReference; fileEncoding = 4; lastKnownFileType = sourcecode.c.objc; path = PRIPrintClient.m; sourceTree = "<group>"; };
		9CFD96BA1710551A006E061A /* PRIPrintersAvailableParseOperation.h */ = {isa = PBXFileReference; fileEncoding = 4; lastKnownFileType = sourcecode.c.h; path = PRIPrintersAvailableParseOperation.h; sourceTree = "<group>"; };
		9CFD96BB1710551A006E061A /* PRIPrintersAvailableParseOperation.m */ = {isa = PBXFileReference; fileEncoding = 4; lastKnownFileType = sourcecode.c.objc; path = PRIPrintersAvailableParseOperation.m; sourceTree = "<group>"; };
		9CFD96BD171060D3006E061A /* Mantle.xcodeproj */ = {isa = PBXFileReference; lastKnownFileType = "wrapper.pb-project"; name = Mantle.xcodeproj; path = Vendor/Mantle/Mantle.xcodeproj; sourceTree = "<group>"; };
		9CFD96D117106112006E061A /* PRIPrinter.h */ = {isa = PBXFileReference; fileEncoding = 4; lastKnownFileType = sourcecode.c.h; path = PRIPrinter.h; sourceTree = "<group>"; };
		9CFD96D217106112006E061A /* PRIPrinter.m */ = {isa = PBXFileReference; fileEncoding = 4; lastKnownFileType = sourcecode.c.objc; path = PRIPrinter.m; sourceTree = "<group>"; };
		9CFD96D517106A34006E061A /* PRIPrintersViewController.h */ = {isa = PBXFileReference; fileEncoding = 4; lastKnownFileType = sourcecode.c.h; path = PRIPrintersViewController.h; sourceTree = "<group>"; };
		9CFD96D617106A34006E061A /* PRIPrintersViewController.m */ = {isa = PBXFileReference; fileEncoding = 4; lastKnownFileType = sourcecode.c.objc; path = PRIPrintersViewController.m; sourceTree = "<group>"; };
		9CFD96D817106CFE006E061A /* PRIPrinterTableViewCell.h */ = {isa = PBXFileReference; fileEncoding = 4; lastKnownFileType = sourcecode.c.h; path = PRIPrinterTableViewCell.h; sourceTree = "<group>"; };
		9CFD96D917106CFE006E061A /* PRIPrinterTableViewCell.m */ = {isa = PBXFileReference; fileEncoding = 4; lastKnownFileType = sourcecode.c.objc; path = PRIPrinterTableViewCell.m; sourceTree = "<group>"; };
/* End PBXFileReference section */

/* Begin PBXFrameworksBuildPhase section */
		9CE4C0A3170CE6AE00DA04D9 /* Frameworks */ = {
			isa = PBXFrameworksBuildPhase;
			buildActionMask = 2147483647;
			files = (
				9C19D41D1757E40C00CE87EB /* libCDKitt.a in Frameworks */,
				9CB56A251711BA680076F981 /* libxml2.dylib in Frameworks */,
				9CE4C0E7170DFDC100DA04D9 /* MessageUI.framework in Frameworks */,
				9CE4C0E5170DFDBA00DA04D9 /* QuartzCore.framework in Frameworks */,
				9CE4C0D5170CE74400DA04D9 /* MobileCoreServices.framework in Frameworks */,
				9CE4C0D3170CE73F00DA04D9 /* SystemConfiguration.framework in Frameworks */,
				9CE4C0AA170CE6AE00DA04D9 /* UIKit.framework in Frameworks */,
				9CE4C0AC170CE6AE00DA04D9 /* Foundation.framework in Frameworks */,
				9CE4C0AE170CE6AE00DA04D9 /* CoreGraphics.framework in Frameworks */,
				9CFD9676170E38C9006E061A /* Crashlytics.framework in Frameworks */,
				9CFD96D41710692F006E061A /* libMantle.a in Frameworks */,
				9CE4C0F9170DFE0400DA04D9 /* libSSToolkit.a in Frameworks */,
				9CADC7AB1758160500524DCE /* libBlocksKit.a in Frameworks */,
			);
			runOnlyForDeploymentPostprocessing = 0;
		};
/* End PBXFrameworksBuildPhase section */

/* Begin PBXGroup section */
		9C19D40F1757E3F300CE87EB /* Products */ = {
			isa = PBXGroup;
			children = (
				9C19D4161757E3F400CE87EB /* CDKitt.framework */,
				9C19D4181757E3F400CE87EB /* CDKittTests.octest */,
				9C19D41A1757E3F400CE87EB /* libCDKitt.a */,
			);
			name = Products;
			sourceTree = "<group>";
		};
		9C19D4271757E67600CE87EB /* UIKit */ = {
			isa = PBXGroup;
			children = (
				9CFD965C170E00B8006E061A /* UIFont+Prismatic.h */,
				9CFD965D170E00B8006E061A /* UIFont+Prismatic.m */,
				9CFD968E170E4069006E061A /* UIImage+PRIAppImages.h */,
				9CFD968F170E4069006E061A /* UIImage+PRIAppImages.m */,
				9CADC80B175821BC00524DCE /* UITextField+PRIResponderChain.h */,
				9CADC80C175821BC00524DCE /* UITextField+PRIResponderChain.m */,
			);
			name = UIKit;
			sourceTree = "<group>";
		};
		9C19D42F1757E67D00CE87EB /* Foundation */ = {
			isa = PBXGroup;
			children = (
				9CB56A321711CBCA0076F981 /* NSString+PRIURLHelpers.h */,
				9CB56A331711CBCA0076F981 /* NSString+PRIURLHelpers.m */,
				9CB56A3C171211540076F981 /* NSUserDefaults+Prismatic.h */,
				9CB56A3D171211540076F981 /* NSUserDefaults+Prismatic.m */,
			);
			name = Foundation;
			sourceTree = "<group>";
		};
		9CADC77C1758160500524DCE /* BlocksKit */ = {
			isa = PBXGroup;
			children = (
				9CADC7DA175816C900524DCE /* BlocksKit */,
				9CADC7AA1758160500524DCE /* libBlocksKit.a */,
			);
			name = BlocksKit;
			path = Vendor/BlocksKit;
			sourceTree = "<group>";
		};
		9CADC7DA175816C900524DCE /* BlocksKit */ = {
			isa = PBXGroup;
			children = (
				9CADC7DB175816C900524DCE /* A2BlockDelegate.h */,
				9CADC7DC175816C900524DCE /* A2BlockInvocation.h */,
				9CADC7DD175816C900524DCE /* A2DynamicDelegate.h */,
				9CADC7DE175816C900524DCE /* BKGlobals.h */,
				9CADC7DF175816C900524DCE /* BKMacros.h */,
				9CADC7E0175816C900524DCE /* BlocksKit.h */,
				9CADC7E1175816C900524DCE /* ffi.h */,
				9CADC7E2175816C900524DCE /* ffi_armv7.h */,
				9CADC7E3175816C900524DCE /* ffi_common.h */,
				9CADC7E4175816C900524DCE /* ffi_i386.h */,
				9CADC7E5175816C900524DCE /* fficonfig.h */,
				9CADC7E6175816C900524DCE /* fficonfig_armv7.h */,
				9CADC7E7175816C900524DCE /* fficonfig_i386.h */,
				9CADC7E8175816C900524DCE /* ffitarget.h */,
				9CADC7E9175816C900524DCE /* ffitarget_armv7.h */,
				9CADC7EA175816C900524DCE /* ffitarget_i386.h */,
				9CADC7EB175816C900524DCE /* MFMailComposeViewController+BlocksKit.h */,
				9CADC7EC175816C900524DCE /* MFMessageComposeViewController+BlocksKit.h */,
				9CADC7ED175816C900524DCE /* NSArray+BlocksKit.h */,
				9CADC7EE175816C900524DCE /* NSCache+BlocksKit.h */,
				9CADC7EF175816C900524DCE /* NSDictionary+BlocksKit.h */,
				9CADC7F0175816C900524DCE /* NSIndexSet+BlocksKit.h */,
				9CADC7F1175816C900524DCE /* NSInvocation+BlocksKit.h */,
				9CADC7F2175816C900524DCE /* NSMutableArray+BlocksKit.h */,
				9CADC7F3175816C900524DCE /* NSMutableDictionary+BlocksKit.h */,
				9CADC7F4175816C900524DCE /* NSMutableIndexSet+BlocksKit.h */,
				9CADC7F5175816C900524DCE /* NSMutableOrderedSet+BlocksKit.h */,
				9CADC7F6175816C900524DCE /* NSMutableSet+BlocksKit.h */,
				9CADC7F7175816C900524DCE /* NSObject+A2DynamicDelegate.h */,
				9CADC7F8175816C900524DCE /* NSObject+AssociatedObjects.h */,
				9CADC7F9175816C900524DCE /* NSObject+BlockObservation.h */,
				9CADC7FA175816C900524DCE /* NSObject+BlocksKit.h */,
				9CADC7FB175816C900524DCE /* NSOrderedSet+BlocksKit.h */,
				9CADC7FC175816C900524DCE /* NSSet+BlocksKit.h */,
				9CADC7FD175816C900524DCE /* NSTimer+BlocksKit.h */,
				9CADC7FE175816C900524DCE /* NSURLConnection+BlocksKit.h */,
				9CADC7FF175816C900524DCE /* UIActionSheet+BlocksKit.h */,
				9CADC800175816C900524DCE /* UIAlertView+BlocksKit.h */,
				9CADC801175816C900524DCE /* UIBarButtonItem+BlocksKit.h */,
				9CADC802175816C900524DCE /* UIControl+BlocksKit.h */,
				9CADC803175816C900524DCE /* UIGestureRecognizer+BlocksKit.h */,
				9CADC804175816C900524DCE /* UIPopoverController+BlocksKit.h */,
				9CADC805175816C900524DCE /* UIView+BlocksKit.h */,
				9CADC806175816C900524DCE /* UIWebView+BlocksKit.h */,
			);
			path = BlocksKit;
			sourceTree = "<group>";
		};
		9CB56A1A1711B9790076F981 /* Hpple */ = {
			isa = PBXGroup;
			children = (
				9CB56A1B1711B9920076F981 /* TFHpple.h */,
				9CB56A1C1711B9920076F981 /* TFHpple.m */,
				9CB56A1D1711B9920076F981 /* TFHppleElement.h */,
				9CB56A1E1711B9920076F981 /* TFHppleElement.m */,
				9CB56A1F1711B9920076F981 /* XPathQuery.h */,
				9CB56A201711B9920076F981 /* XPathQuery.m */,
			);
			name = Hpple;
			sourceTree = "<group>";
		};
		9CE4C09D170CE6AE00DA04D9 = {
			isa = PBXGroup;
			children = (
				9CE4C0AF170CE6AE00DA04D9 /* Prismatic */,
				9CE4C0E8170DFDE200DA04D9 /* Vendor */,
				9CE4C0A8170CE6AE00DA04D9 /* Frameworks */,
				9CE4C0A7170CE6AE00DA04D9 /* Products */,
			);
			sourceTree = "<group>";
		};
		9CE4C0A7170CE6AE00DA04D9 /* Products */ = {
			isa = PBXGroup;
			children = (
				9CE4C0A6170CE6AE00DA04D9 /* Prismatic.app */,
			);
			name = Products;
			sourceTree = "<group>";
		};
		9CE4C0A8170CE6AE00DA04D9 /* Frameworks */ = {
			isa = PBXGroup;
			children = (
				9CB56A241711BA680076F981 /* libxml2.dylib */,
				9CE4C0E6170DFDC100DA04D9 /* MessageUI.framework */,
				9CE4C0E4170DFDBA00DA04D9 /* QuartzCore.framework */,
				9CE4C0D4170CE74400DA04D9 /* MobileCoreServices.framework */,
				9CE4C0D2170CE73F00DA04D9 /* SystemConfiguration.framework */,
				9CE4C0A9170CE6AE00DA04D9 /* UIKit.framework */,
				9CE4C0AB170CE6AE00DA04D9 /* Foundation.framework */,
				9CE4C0AD170CE6AE00DA04D9 /* CoreGraphics.framework */,
			);
			name = Frameworks;
			sourceTree = "<group>";
		};
		9CE4C0AF170CE6AE00DA04D9 /* Prismatic */ = {
			isa = PBXGroup;
			children = (
				9CE4C0D7170CE77000DA04D9 /* Generic */,
				9CE4C0DF170DFC4700DA04D9 /* Models */,
				9CE4C0DE170DFC4000DA04D9 /* Views */,
				9CE4C0D6170CE75F00DA04D9 /* View Controllers */,
				9CFD966B170E0AD1006E061A /* Protocols */,
				9CE4C0B0170CE6AE00DA04D9 /* Supporting Files */,
			);
			path = Prismatic;
			sourceTree = "<group>";
		};
		9CE4C0B0170CE6AE00DA04D9 /* Supporting Files */ = {
			isa = PBXGroup;
			children = (
				9CFD9691170E40ED006E061A /* Graphics */,
				9CE4C0B1170CE6AE00DA04D9 /* Prismatic-Info.plist */,
				9CE4C0B2170CE6AE00DA04D9 /* InfoPlist.strings */,
				9CE4C0B5170CE6AE00DA04D9 /* main.m */,
				9CE4C0B7170CE6AE00DA04D9 /* Prismatic-Prefix.pch */,
				9CE4C0BB170CE6AE00DA04D9 /* Default.png */,
				9CE4C0BD170CE6AE00DA04D9 /* Default@2x.png */,
				9CE4C0BF170CE6AE00DA04D9 /* Default-568h@2x.png */,
			);
			name = "Supporting Files";
			sourceTree = "<group>";
		};
		9CE4C0D6170CE75F00DA04D9 /* View Controllers */ = {
			isa = PBXGroup;
			children = (
				9CE4C0C1170CE6AE00DA04D9 /* MainStoryboard_iPhone.storyboard */,
				9CE4C0C4170CE6AE00DA04D9 /* MainStoryboard_iPad.storyboard */,
				9CFD966C170E0EB7006E061A /* PRITableViewController.h */,
				9CFD966D170E0EB7006E061A /* PRITableViewController.m */,
				9C19D4311757EB3600CE87EB /* PRIAuthorizationViewController.h */,
				9C19D4321757EB3600CE87EB /* PRIAuthorizationViewController.m */,
				9CFD9667170E0331006E061A /* PRIPrintViewController.h */,
				9CFD9668170E0331006E061A /* PRIPrintViewController.m */,
				9CFD96D517106A34006E061A /* PRIPrintersViewController.h */,
				9CFD96D617106A34006E061A /* PRIPrintersViewController.m */,
				9CFD966F170E10FC006E061A /* PRISourcesViewController.h */,
				9CFD9670170E10FC006E061A /* PRISourcesViewController.m */,
			);
			name = "View Controllers";
			sourceTree = "<group>";
		};
		9CE4C0D7170CE77000DA04D9 /* Generic */ = {
			isa = PBXGroup;
			children = (
				9CFD965B170E00A6006E061A /* Categories */,
				9CE4C0B8170CE6AE00DA04D9 /* PRIAppDelegate.h */,
				9CE4C0B9170CE6AE00DA04D9 /* PRIAppDelegate.m */,
				9CE4C0D8170CF72800DA04D9 /* PRIStyleController.h */,
				9CE4C0D9170CF72800DA04D9 /* PRIStyleController.m */,
				9CFD96B717104E67006E061A /* PRIPrintClient.h */,
				9CFD96B817104E67006E061A /* PRIPrintClient.m */,
				9CFD96BA1710551A006E061A /* PRIPrintersAvailableParseOperation.h */,
				9CFD96BB1710551A006E061A /* PRIPrintersAvailableParseOperation.m */,
			);
			name = Generic;
			sourceTree = "<group>";
		};
		9CE4C0DE170DFC4000DA04D9 /* Views */ = {
			isa = PBXGroup;
			children = (
				9CFD96D817106CFE006E061A /* PRIPrinterTableViewCell.h */,
				9CFD96D917106CFE006E061A /* PRIPrinterTableViewCell.m */,
			);
			name = Views;
			sourceTree = "<group>";
		};
		9CE4C0DF170DFC4700DA04D9 /* Models */ = {
			isa = PBXGroup;
			children = (
				9CB56A391711FE690076F981 /* PRIFile.h */,
				9CB56A3A1711FE690076F981 /* PRIFile.m */,
				9CFD96D117106112006E061A /* PRIPrinter.h */,
				9CFD96D217106112006E061A /* PRIPrinter.m */,
			);
			name = Models;
			sourceTree = "<group>";
		};
		9CE4C0E8170DFDE200DA04D9 /* Vendor */ = {
			isa = PBXGroup;
			children = (
				9CADC77C1758160500524DCE /* BlocksKit */,
				9CFD9629170DFF65006E061A /* AFNetworking */,
				9CFD9675170E38C9006E061A /* Crashlytics.framework */,
				9C19D40E1757E3F300CE87EB /* CDKitt.xcodeproj */,
				9CB56A1A1711B9790076F981 /* Hpple */,
				9CFD96BD171060D3006E061A /* Mantle.xcodeproj */,
				9CE4C0E9170DFDF200DA04D9 /* SSToolkit.xcodeproj */,
				9CFD9646170DFF98006E061A /* xcconfigs */,
			);
			name = Vendor;
			sourceTree = "<group>";
		};
		9CE4C0EA170DFDF200DA04D9 /* Products */ = {
			isa = PBXGroup;
			children = (
				9CE4C0F0170DFDF300DA04D9 /* libSSToolkit.a */,
				9CE4C0F2170DFDF300DA04D9 /* SSToolkitTests.app */,
				9CE4C0F4170DFDF300DA04D9 /* SSToolkitResources.bundle */,
			);
			name = Products;
			sourceTree = "<group>";
		};
		9CFD9629170DFF65006E061A /* AFNetworking */ = {
			isa = PBXGroup;
			children = (
				9CFD962A170DFF65006E061A /* AFHTTPClient.h */,
				9CFD962B170DFF65006E061A /* AFHTTPClient.m */,
				9CFD962C170DFF65006E061A /* AFHTTPRequestOperation.h */,
				9CFD962D170DFF65006E061A /* AFHTTPRequestOperation.m */,
				9CFD962E170DFF65006E061A /* AFImageRequestOperation.h */,
				9CFD962F170DFF65006E061A /* AFImageRequestOperation.m */,
				9CFD9630170DFF65006E061A /* AFJSONRequestOperation.h */,
				9CFD9631170DFF65006E061A /* AFJSONRequestOperation.m */,
				9CFD9632170DFF65006E061A /* AFNetworkActivityIndicatorManager.h */,
				9CFD9633170DFF65006E061A /* AFNetworkActivityIndicatorManager.m */,
				9CFD9634170DFF65006E061A /* AFNetworking.h */,
				9CFD9635170DFF65006E061A /* AFPropertyListRequestOperation.h */,
				9CFD9636170DFF65006E061A /* AFPropertyListRequestOperation.m */,
				9CFD9637170DFF65006E061A /* AFURLConnectionOperation.h */,
				9CFD9638170DFF65006E061A /* AFURLConnectionOperation.m */,
				9CFD9639170DFF65006E061A /* AFXMLRequestOperation.h */,
				9CFD963A170DFF65006E061A /* AFXMLRequestOperation.m */,
				9CFD963B170DFF65006E061A /* UIImageView+AFNetworking.h */,
				9CFD963C170DFF65006E061A /* UIImageView+AFNetworking.m */,
			);
			name = AFNetworking;
			path = Vendor/AFNetworking/AFNetworking;
			sourceTree = "<group>";
		};
		9CFD9646170DFF98006E061A /* xcconfigs */ = {
			isa = PBXGroup;
			children = (
				9CFD9647170DFF98006E061A /* Base */,
				9CFD9650170DFF98006E061A /* iOS */,
				9CFD9654170DFF98006E061A /* Mac OS X */,
				9CFD965A170DFF98006E061A /* README.md */,
			);
			name = xcconfigs;
			path = Vendor/xcconfigs;
			sourceTree = "<group>";
		};
		9CFD9647170DFF98006E061A /* Base */ = {
			isa = PBXGroup;
			children = (
				9CFD9648170DFF98006E061A /* Common.xcconfig */,
				9CFD9649170DFF98006E061A /* Configurations */,
				9CFD964D170DFF98006E061A /* Targets */,
			);
			path = Base;
			sourceTree = "<group>";
		};
		9CFD9649170DFF98006E061A /* Configurations */ = {
			isa = PBXGroup;
			children = (
				9CFD964A170DFF98006E061A /* Debug.xcconfig */,
				9CFD964B170DFF98006E061A /* Profile.xcconfig */,
				9CFD964C170DFF98006E061A /* Release.xcconfig */,
			);
			path = Configurations;
			sourceTree = "<group>";
		};
		9CFD964D170DFF98006E061A /* Targets */ = {
			isa = PBXGroup;
			children = (
				9CFD964E170DFF98006E061A /* Application.xcconfig */,
				9CFD964F170DFF98006E061A /* StaticLibrary.xcconfig */,
			);
			path = Targets;
			sourceTree = "<group>";
		};
		9CFD9650170DFF98006E061A /* iOS */ = {
			isa = PBXGroup;
			children = (
				9CFD9651170DFF98006E061A /* iOS-Application.xcconfig */,
				9CFD9652170DFF98006E061A /* iOS-Base.xcconfig */,
				9CFD9653170DFF98006E061A /* iOS-StaticLibrary.xcconfig */,
			);
			path = iOS;
			sourceTree = "<group>";
		};
		9CFD9654170DFF98006E061A /* Mac OS X */ = {
			isa = PBXGroup;
			children = (
				9CFD9655170DFF98006E061A /* Mac-Application.xcconfig */,
				9CFD9656170DFF98006E061A /* Mac-Base.xcconfig */,
				9CFD9657170DFF98006E061A /* Mac-DynamicLibrary.xcconfig */,
				9CFD9658170DFF98006E061A /* Mac-Framework.xcconfig */,
				9CFD9659170DFF98006E061A /* Mac-StaticLibrary.xcconfig */,
			);
			path = "Mac OS X";
			sourceTree = "<group>";
		};
		9CFD965B170E00A6006E061A /* Categories */ = {
			isa = PBXGroup;
			children = (
				9C19D42F1757E67D00CE87EB /* Foundation */,
				9C19D4271757E67600CE87EB /* UIKit */,
			);
			name = Categories;
			sourceTree = "<group>";
		};
		9CFD966B170E0AD1006E061A /* Protocols */ = {
			isa = PBXGroup;
			children = (
			);
			name = Protocols;
			sourceTree = "<group>";
		};
		9CFD9691170E40ED006E061A /* Graphics */ = {
			isa = PBXGroup;
			children = (
				9CFD96A4170E4E4C006E061A /* Navigation */,
				9CFD96A5170E4E55006E061A /* Sources */,
				9CFD96AE170F1517006E061A /* print-table-footer.png */,
				9CFD96AF170F1517006E061A /* print-table-footer@2x.png */,
				9CFD96B317104C95006E061A /* print-table-header.png */,
				9CFD96B417104C95006E061A /* print-table-header@2x.png */,
			);
			path = Graphics;
			sourceTree = SOURCE_ROOT;
		};
		9CFD96A4170E4E4C006E061A /* Navigation */ = {
			isa = PBXGroup;
			children = (
				9CFD969A170E44A4006E061A /* nav-print-queue-template.png */,
				9CFD969B170E44A4006E061A /* nav-print-queue-template@2x.png */,
				9CFD9696170E425C006E061A /* nav-settings-template.png */,
				9CFD9697170E425C006E061A /* nav-settings-template@2x.png */,
			);
			name = Navigation;
			sourceTree = "<group>";
		};
		9CFD96A5170E4E55006E061A /* Sources */ = {
			isa = PBXGroup;
			children = (
				9CFD96A0170E4E46006E061A /* source-dropbox.png */,
				9CFD96A1170E4E46006E061A /* source-dropbox@2x.png */,
				9CFD96AA170E5891006E061A /* source-photo-library.png */,
				9CFD96AB170E5891006E061A /* source-photo-library@2x.png */,
				9CFD96A6170E5533006E061A /* source-website.png */,
				9CFD96A7170E5533006E061A /* source-website@2x.png */,
			);
			name = Sources;
			sourceTree = "<group>";
		};
		9CFD96BE171060D3006E061A /* Products */ = {
			isa = PBXGroup;
			children = (
				9CFD96C7171060D4006E061A /* Mantle.framework */,
				9CFD96C9171060D4006E061A /* Mantle Mac Tests.octest */,
				9CFD96CB171060D4006E061A /* libMantle.a */,
				9CFD96CD171060D4006E061A /* Mantle iOS Tests.octest */,
			);
			name = Products;
			sourceTree = "<group>";
		};
/* End PBXGroup section */

/* Begin PBXLegacyTarget section */
		9CFD9688170E4018006E061A /* Image Script */ = {
			isa = PBXLegacyTarget;
			buildArgumentsString = "\"$(SRCROOT)/Vendor/CDKitt/Scripts/image.py\" -s \"$(SRCROOT)/Graphics\" -d \"$(SRCROOT)/Prismatic/UIImage+PRIAppImages\" --prefix \"PRI\" --platform \"ios\"";
			buildConfigurationList = 9CFD9689170E4018006E061A /* Build configuration list for PBXLegacyTarget "Image Script" */;
			buildPhases = (
			);
			buildToolPath = /usr/bin/python;
			buildWorkingDirectory = "";
			dependencies = (
			);
			name = "Image Script";
			passBuildSettingsInEnvironment = 1;
			productName = "Image Script";
		};
/* End PBXLegacyTarget section */

/* Begin PBXNativeTarget section */
		9CE4C0A5170CE6AE00DA04D9 /* Prismatic */ = {
			isa = PBXNativeTarget;
			buildConfigurationList = 9CE4C0CF170CE6AE00DA04D9 /* Build configuration list for PBXNativeTarget "Prismatic" */;
			buildPhases = (
				9CE4C0A2170CE6AE00DA04D9 /* Sources */,
				9CE4C0A3170CE6AE00DA04D9 /* Frameworks */,
				9CE4C0A4170CE6AE00DA04D9 /* Resources */,
				9CFD9672170E3825006E061A /* Run Crashlytics Script */,
			);
			buildRules = (
			);
			dependencies = (
				9C19D41C1757E40500CE87EB /* PBXTargetDependency */,
				9CFD96CF171060E8006E061A /* PBXTargetDependency */,
				9CFD968D170E402D006E061A /* PBXTargetDependency */,
				9CE4C0F8170DFDFF00DA04D9 /* PBXTargetDependency */,
				9CE4C0F6170DFDFA00DA04D9 /* PBXTargetDependency */,
			);
			name = Prismatic;
			productName = Prismatic;
			productReference = 9CE4C0A6170CE6AE00DA04D9 /* Prismatic.app */;
			productType = "com.apple.product-type.application";
		};
/* End PBXNativeTarget section */

/* Begin PBXProject section */
		9CE4C09E170CE6AE00DA04D9 /* Project object */ = {
			isa = PBXProject;
			attributes = {
				CLASSPREFIX = PRI;
				LastUpgradeCheck = 0460;
				ORGANIZATIONNAME = "Aron Cedercrantz";
			};
			buildConfigurationList = 9CE4C0A1170CE6AE00DA04D9 /* Build configuration list for PBXProject "Prismatic" */;
			compatibilityVersion = "Xcode 3.2";
			developmentRegion = English;
			hasScannedForEncodings = 0;
			knownRegions = (
				en,
			);
			mainGroup = 9CE4C09D170CE6AE00DA04D9;
			productRefGroup = 9CE4C0A7170CE6AE00DA04D9 /* Products */;
			projectDirPath = "";
			projectReferences = (
				{
					ProductGroup = 9C19D40F1757E3F300CE87EB /* Products */;
					ProjectRef = 9C19D40E1757E3F300CE87EB /* CDKitt.xcodeproj */;
				},
				{
					ProductGroup = 9CFD96BE171060D3006E061A /* Products */;
					ProjectRef = 9CFD96BD171060D3006E061A /* Mantle.xcodeproj */;
				},
				{
					ProductGroup = 9CE4C0EA170DFDF200DA04D9 /* Products */;
					ProjectRef = 9CE4C0E9170DFDF200DA04D9 /* SSToolkit.xcodeproj */;
				},
			);
			projectRoot = "";
			targets = (
				9CE4C0A5170CE6AE00DA04D9 /* Prismatic */,
				9CFD9688170E4018006E061A /* Image Script */,
			);
		};
/* End PBXProject section */

/* Begin PBXReferenceProxy section */
		9C19D4161757E3F400CE87EB /* CDKitt.framework */ = {
			isa = PBXReferenceProxy;
			fileType = wrapper.framework;
			path = CDKitt.framework;
			remoteRef = 9C19D4151757E3F400CE87EB /* PBXContainerItemProxy */;
			sourceTree = BUILT_PRODUCTS_DIR;
		};
		9C19D4181757E3F400CE87EB /* CDKittTests.octest */ = {
			isa = PBXReferenceProxy;
			fileType = wrapper.cfbundle;
			path = CDKittTests.octest;
			remoteRef = 9C19D4171757E3F400CE87EB /* PBXContainerItemProxy */;
			sourceTree = BUILT_PRODUCTS_DIR;
		};
		9C19D41A1757E3F400CE87EB /* libCDKitt.a */ = {
			isa = PBXReferenceProxy;
			fileType = archive.ar;
			path = libCDKitt.a;
			remoteRef = 9C19D4191757E3F400CE87EB /* PBXContainerItemProxy */;
			sourceTree = BUILT_PRODUCTS_DIR;
		};
		9CE4C0F0170DFDF300DA04D9 /* libSSToolkit.a */ = {
			isa = PBXReferenceProxy;
			fileType = archive.ar;
			path = libSSToolkit.a;
			remoteRef = 9CE4C0EF170DFDF300DA04D9 /* PBXContainerItemProxy */;
			sourceTree = BUILT_PRODUCTS_DIR;
		};
		9CE4C0F2170DFDF300DA04D9 /* SSToolkitTests.app */ = {
			isa = PBXReferenceProxy;
			fileType = wrapper.application;
			path = SSToolkitTests.app;
			remoteRef = 9CE4C0F1170DFDF300DA04D9 /* PBXContainerItemProxy */;
			sourceTree = BUILT_PRODUCTS_DIR;
		};
		9CE4C0F4170DFDF300DA04D9 /* SSToolkitResources.bundle */ = {
			isa = PBXReferenceProxy;
			fileType = wrapper.cfbundle;
			path = SSToolkitResources.bundle;
			remoteRef = 9CE4C0F3170DFDF300DA04D9 /* PBXContainerItemProxy */;
			sourceTree = BUILT_PRODUCTS_DIR;
		};
		9CFD96C7171060D4006E061A /* Mantle.framework */ = {
			isa = PBXReferenceProxy;
			fileType = wrapper.framework;
			path = Mantle.framework;
			remoteRef = 9CFD96C6171060D4006E061A /* PBXContainerItemProxy */;
			sourceTree = BUILT_PRODUCTS_DIR;
		};
		9CFD96C9171060D4006E061A /* Mantle Mac Tests.octest */ = {
			isa = PBXReferenceProxy;
			fileType = wrapper.cfbundle;
			path = "Mantle Mac Tests.octest";
			remoteRef = 9CFD96C8171060D4006E061A /* PBXContainerItemProxy */;
			sourceTree = BUILT_PRODUCTS_DIR;
		};
		9CFD96CB171060D4006E061A /* libMantle.a */ = {
			isa = PBXReferenceProxy;
			fileType = archive.ar;
			path = libMantle.a;
			remoteRef = 9CFD96CA171060D4006E061A /* PBXContainerItemProxy */;
			sourceTree = BUILT_PRODUCTS_DIR;
		};
		9CFD96CD171060D4006E061A /* Mantle iOS Tests.octest */ = {
			isa = PBXReferenceProxy;
			fileType = wrapper.cfbundle;
			path = "Mantle iOS Tests.octest";
			remoteRef = 9CFD96CC171060D4006E061A /* PBXContainerItemProxy */;
			sourceTree = BUILT_PRODUCTS_DIR;
		};
/* End PBXReferenceProxy section */

/* Begin PBXResourcesBuildPhase section */
		9CE4C0A4170CE6AE00DA04D9 /* Resources */ = {
			isa = PBXResourcesBuildPhase;
			buildActionMask = 2147483647;
			files = (
				9CE4C0FA170DFE1700DA04D9 /* SSToolkitResources.bundle in Resources */,
				9CE4C0B4170CE6AE00DA04D9 /* InfoPlist.strings in Resources */,
				9CE4C0BC170CE6AE00DA04D9 /* Default.png in Resources */,
				9CE4C0BE170CE6AE00DA04D9 /* Default@2x.png in Resources */,
				9CE4C0C0170CE6AE00DA04D9 /* Default-568h@2x.png in Resources */,
				9CE4C0C3170CE6AE00DA04D9 /* MainStoryboard_iPhone.storyboard in Resources */,
				9CE4C0C6170CE6AE00DA04D9 /* MainStoryboard_iPad.storyboard in Resources */,
				9CFD9698170E425C006E061A /* nav-settings-template.png in Resources */,
				9CFD9699170E425C006E061A /* nav-settings-template@2x.png in Resources */,
				9CFD969C170E44A4006E061A /* nav-print-queue-template.png in Resources */,
				9CFD969D170E44A4006E061A /* nav-print-queue-template@2x.png in Resources */,
				9CFD96A2170E4E46006E061A /* source-dropbox.png in Resources */,
				9CFD96A3170E4E46006E061A /* source-dropbox@2x.png in Resources */,
				9CFD96A8170E5533006E061A /* source-website.png in Resources */,
				9CFD96A9170E5533006E061A /* source-website@2x.png in Resources */,
				9CFD96AC170E5891006E061A /* source-photo-library.png in Resources */,
				9CFD96AD170E5891006E061A /* source-photo-library@2x.png in Resources */,
				9CFD96B0170F1517006E061A /* print-table-footer.png in Resources */,
				9CFD96B1170F1517006E061A /* print-table-footer@2x.png in Resources */,
				9CFD96B517104C95006E061A /* print-table-header.png in Resources */,
				9CFD96B617104C95006E061A /* print-table-header@2x.png in Resources */,
			);
			runOnlyForDeploymentPostprocessing = 0;
		};
/* End PBXResourcesBuildPhase section */

/* Begin PBXShellScriptBuildPhase section */
		9CFD9672170E3825006E061A /* Run Crashlytics Script */ = {
			isa = PBXShellScriptBuildPhase;
			buildActionMask = 2147483647;
			files = (
			);
			inputPaths = (
			);
			name = "Run Crashlytics Script";
			outputPaths = (
			);
			runOnlyForDeploymentPostprocessing = 0;
			shellPath = /bin/sh;
			shellScript = "./Vendor/Crashlytics.framework/run bede20b91f373b5268c4ce52bf52d6a0fbeb391b";
		};
/* End PBXShellScriptBuildPhase section */

/* Begin PBXSourcesBuildPhase section */
		9CE4C0A2170CE6AE00DA04D9 /* Sources */ = {
			isa = PBXSourcesBuildPhase;
			buildActionMask = 2147483647;
			files = (
				9CE4C0B6170CE6AE00DA04D9 /* main.m in Sources */,
				9CE4C0BA170CE6AE00DA04D9 /* PRIAppDelegate.m in Sources */,
				9CE4C0DA170CF72800DA04D9 /* PRIStyleController.m in Sources */,
				9CFD963D170DFF65006E061A /* AFHTTPClient.m in Sources */,
				9CFD963E170DFF65006E061A /* AFHTTPRequestOperation.m in Sources */,
				9CFD963F170DFF65006E061A /* AFImageRequestOperation.m in Sources */,
				9CFD9640170DFF65006E061A /* AFJSONRequestOperation.m in Sources */,
				9CFD9641170DFF65006E061A /* AFNetworkActivityIndicatorManager.m in Sources */,
				9CFD9642170DFF65006E061A /* AFPropertyListRequestOperation.m in Sources */,
				9CFD9643170DFF65006E061A /* AFURLConnectionOperation.m in Sources */,
				9CFD9644170DFF65006E061A /* AFXMLRequestOperation.m in Sources */,
				9CFD9645170DFF65006E061A /* UIImageView+AFNetworking.m in Sources */,
				9CFD965E170E00B8006E061A /* UIFont+Prismatic.m in Sources */,
				9CFD9669170E0331006E061A /* PRIPrintViewController.m in Sources */,
				9CFD966E170E0EB7006E061A /* PRITableViewController.m in Sources */,
				9CFD9671170E10FC006E061A /* PRISourcesViewController.m in Sources */,
				9CFD9690170E4069006E061A /* UIImage+PRIAppImages.m in Sources */,
				9CFD96B917104E67006E061A /* PRIPrintClient.m in Sources */,
				9CFD96BC1710551A006E061A /* PRIPrintersAvailableParseOperation.m in Sources */,
				9CFD96D317106112006E061A /* PRIPrinter.m in Sources */,
				9CFD96D717106A34006E061A /* PRIPrintersViewController.m in Sources */,
				9CFD96DA17106CFE006E061A /* PRIPrinterTableViewCell.m in Sources */,
				9CB56A211711B9920076F981 /* TFHpple.m in Sources */,
				9CB56A221711B9920076F981 /* TFHppleElement.m in Sources */,
				9CB56A231711B9920076F981 /* XPathQuery.m in Sources */,
				9CB56A341711CBCA0076F981 /* NSString+PRIURLHelpers.m in Sources */,
				9CB56A3B1711FE690076F981 /* PRIFile.m in Sources */,
				9CB56A3E171211540076F981 /* NSUserDefaults+Prismatic.m in Sources */,
				9C19D4331757EB3600CE87EB /* PRIAuthorizationViewController.m in Sources */,
				9CADC80D175821BC00524DCE /* UITextField+PRIResponderChain.m in Sources */,
			);
			runOnlyForDeploymentPostprocessing = 0;
		};
/* End PBXSourcesBuildPhase section */

/* Begin PBXTargetDependency section */
		9C19D41C1757E40500CE87EB /* PBXTargetDependency */ = {
			isa = PBXTargetDependency;
			name = "CDKitt-iOS";
			targetProxy = 9C19D41B1757E40500CE87EB /* PBXContainerItemProxy */;
		};
		9CE4C0F6170DFDFA00DA04D9 /* PBXTargetDependency */ = {
			isa = PBXTargetDependency;
			name = SSToolkit;
			targetProxy = 9CE4C0F5170DFDFA00DA04D9 /* PBXContainerItemProxy */;
		};
		9CE4C0F8170DFDFF00DA04D9 /* PBXTargetDependency */ = {
			isa = PBXTargetDependency;
			name = SSToolkitResources;
			targetProxy = 9CE4C0F7170DFDFF00DA04D9 /* PBXContainerItemProxy */;
		};
		9CFD968D170E402D006E061A /* PBXTargetDependency */ = {
			isa = PBXTargetDependency;
			target = 9CFD9688170E4018006E061A /* Image Script */;
			targetProxy = 9CFD968C170E402D006E061A /* PBXContainerItemProxy */;
		};
		9CFD96CF171060E8006E061A /* PBXTargetDependency */ = {
			isa = PBXTargetDependency;
			name = "Mantle iOS";
			targetProxy = 9CFD96CE171060E8006E061A /* PBXContainerItemProxy */;
		};
/* End PBXTargetDependency section */

/* Begin PBXVariantGroup section */
		9CE4C0B2170CE6AE00DA04D9 /* InfoPlist.strings */ = {
			isa = PBXVariantGroup;
			children = (
				9CE4C0B3170CE6AE00DA04D9 /* en */,
			);
			name = InfoPlist.strings;
			sourceTree = "<group>";
		};
		9CE4C0C1170CE6AE00DA04D9 /* MainStoryboard_iPhone.storyboard */ = {
			isa = PBXVariantGroup;
			children = (
				9CE4C0C2170CE6AE00DA04D9 /* en */,
			);
			name = MainStoryboard_iPhone.storyboard;
			sourceTree = "<group>";
		};
		9CE4C0C4170CE6AE00DA04D9 /* MainStoryboard_iPad.storyboard */ = {
			isa = PBXVariantGroup;
			children = (
				9CE4C0C5170CE6AE00DA04D9 /* en */,
			);
			name = MainStoryboard_iPad.storyboard;
			sourceTree = "<group>";
		};
/* End PBXVariantGroup section */

/* Begin XCBuildConfiguration section */
		9CE4C0CD170CE6AE00DA04D9 /* Debug */ = {
			isa = XCBuildConfiguration;
			baseConfigurationReference = 9CFD964A170DFF98006E061A /* Debug.xcconfig */;
			buildSettings = {
				ALWAYS_SEARCH_USER_PATHS = NO;
				CLANG_CXX_LANGUAGE_STANDARD = "gnu++0x";
				CLANG_CXX_LIBRARY = "libc++";
				CLANG_ENABLE_OBJC_ARC = YES;
				CLANG_WARN_CONSTANT_CONVERSION = YES;
				CLANG_WARN_EMPTY_BODY = YES;
				CLANG_WARN_ENUM_CONVERSION = YES;
				CLANG_WARN_INT_CONVERSION = YES;
				CLANG_WARN__DUPLICATE_METHOD_MATCH = YES;
				"CODE_SIGN_IDENTITY[sdk=iphoneos*]" = "iPhone Developer";
				COPY_PHASE_STRIP = NO;
				GCC_C_LANGUAGE_STANDARD = gnu99;
				GCC_DYNAMIC_NO_PIC = NO;
				GCC_OPTIMIZATION_LEVEL = 0;
				GCC_PREPROCESSOR_DEFINITIONS = (
					"DEBUG=1",
					"$(inherited)",
				);
				GCC_SYMBOLS_PRIVATE_EXTERN = NO;
				GCC_TREAT_WARNINGS_AS_ERRORS = NO;
				GCC_WARN_ABOUT_RETURN_TYPE = YES;
				GCC_WARN_UNINITIALIZED_AUTOS = YES;
				GCC_WARN_UNUSED_VARIABLE = YES;
				IPHONEOS_DEPLOYMENT_TARGET = 6.0;
				ONLY_ACTIVE_ARCH = YES;
				SDKROOT = iphoneos;
				TARGETED_DEVICE_FAMILY = "1,2";
			};
			name = Debug;
		};
		9CE4C0CE170CE6AE00DA04D9 /* Release */ = {
			isa = XCBuildConfiguration;
			baseConfigurationReference = 9CFD964C170DFF98006E061A /* Release.xcconfig */;
			buildSettings = {
				ALWAYS_SEARCH_USER_PATHS = NO;
				CLANG_CXX_LANGUAGE_STANDARD = "gnu++0x";
				CLANG_CXX_LIBRARY = "libc++";
				CLANG_ENABLE_OBJC_ARC = YES;
				CLANG_WARN_CONSTANT_CONVERSION = YES;
				CLANG_WARN_EMPTY_BODY = YES;
				CLANG_WARN_ENUM_CONVERSION = YES;
				CLANG_WARN_INT_CONVERSION = YES;
				CLANG_WARN__DUPLICATE_METHOD_MATCH = YES;
				"CODE_SIGN_IDENTITY[sdk=iphoneos*]" = "iPhone Developer";
				COPY_PHASE_STRIP = YES;
				GCC_C_LANGUAGE_STANDARD = gnu99;
				GCC_WARN_ABOUT_RETURN_TYPE = YES;
				GCC_WARN_UNINITIALIZED_AUTOS = YES;
				GCC_WARN_UNUSED_VARIABLE = YES;
				IPHONEOS_DEPLOYMENT_TARGET = 6.0;
				OTHER_CFLAGS = "-DNS_BLOCK_ASSERTIONS=1";
				SDKROOT = iphoneos;
				TARGETED_DEVICE_FAMILY = "1,2";
				VALIDATE_PRODUCT = YES;
			};
			name = Release;
		};
		9CE4C0D0170CE6AE00DA04D9 /* Debug */ = {
			isa = XCBuildConfiguration;
			baseConfigurationReference = 9CFD9651170DFF98006E061A /* iOS-Application.xcconfig */;
			buildSettings = {
				FRAMEWORK_SEARCH_PATHS = (
					"$(inherited)",
					"\"$(SRCROOT)\"",
					"\"$(SRCROOT)/Vendor\"",
				);
				GCC_PRECOMPILE_PREFIX_HEADER = YES;
				GCC_PREFIX_HEADER = "Prismatic/Prismatic-Prefix.pch";
				HEADER_SEARCH_PATHS = (
					"$(BUILD_ROOT)/../IntermediateBuildFilesPath/UninstalledProducts/include",
					Vendor/SSToolkit,
					Vendor/BlocksKit,
					"$(SDKROOT)/usr/include/libxml2",
				);
				INFOPLIST_FILE = "Prismatic/Prismatic-Info.plist";
				LIBRARY_SEARCH_PATHS = (
					"$(inherited)",
					"\"$(SRCROOT)/Vendor/BlocksKit\"",
				);
				OTHER_LDFLAGS = (
					"-all_load",
					"-ObjC",
				);
				PRODUCT_NAME = "$(TARGET_NAME)";
				RUN_CLANG_STATIC_ANALYZER = YES;
				WRAPPER_EXTENSION = app;
			};
			name = Debug;
		};
		9CE4C0D1170CE6AE00DA04D9 /* Release */ = {
			isa = XCBuildConfiguration;
			baseConfigurationReference = 9CFD9651170DFF98006E061A /* iOS-Application.xcconfig */;
			buildSettings = {
				FRAMEWORK_SEARCH_PATHS = (
					"$(inherited)",
					"\"$(SRCROOT)\"",
					"\"$(SRCROOT)/Vendor\"",
				);
				GCC_PRECOMPILE_PREFIX_HEADER = YES;
				GCC_PREFIX_HEADER = "Prismatic/Prismatic-Prefix.pch";
				HEADER_SEARCH_PATHS = (
					"$(BUILD_ROOT)/../IntermediateBuildFilesPath/UninstalledProducts/include",
					Vendor/SSToolkit,
					Vendor/BlocksKit,
					"$(SDKROOT)/usr/include/libxml2",
				);
				INFOPLIST_FILE = "Prismatic/Prismatic-Info.plist";
				LIBRARY_SEARCH_PATHS = (
					"$(inherited)",
					"\"$(SRCROOT)/Vendor/BlocksKit\"",
				);
				OTHER_LDFLAGS = (
					"-all_load",
					"-ObjC",
				);
				PRODUCT_NAME = "$(TARGET_NAME)";
				RUN_CLANG_STATIC_ANALYZER = YES;
				WRAPPER_EXTENSION = app;
			};
			name = Release;
		};
		9CFD968A170E4018006E061A /* Debug */ = {
			isa = XCBuildConfiguration;
			buildSettings = {
				ARCHS = "$(ARCHS_STANDARD_64_BIT)";
				DEBUGGING_SYMBOLS = YES;
				GCC_ENABLE_OBJC_EXCEPTIONS = YES;
				GCC_GENERATE_DEBUGGING_SYMBOLS = YES;
				GCC_OPTIMIZATION_LEVEL = 0;
				GCC_WARN_64_TO_32_BIT_CONVERSION = YES;
				MACOSX_DEPLOYMENT_TARGET = 10.8;
				OTHER_CFLAGS = "";
				OTHER_LDFLAGS = "";
				PRODUCT_NAME = "$(TARGET_NAME)";
				SDKROOT = macosx;
			};
			name = Debug;
		};
		9CFD968B170E4018006E061A /* Release */ = {
			isa = XCBuildConfiguration;
			buildSettings = {
				ARCHS = "$(ARCHS_STANDARD_64_BIT)";
				DEBUG_INFORMATION_FORMAT = "dwarf-with-dsym";
				GCC_ENABLE_OBJC_EXCEPTIONS = YES;
				GCC_WARN_64_TO_32_BIT_CONVERSION = YES;
				MACOSX_DEPLOYMENT_TARGET = 10.8;
				OTHER_CFLAGS = "";
				OTHER_LDFLAGS = "";
				PRODUCT_NAME = "$(TARGET_NAME)";
				SDKROOT = macosx;
			};
			name = Release;
		};
/* End XCBuildConfiguration section */

/* Begin XCConfigurationList section */
		9CE4C0A1170CE6AE00DA04D9 /* Build configuration list for PBXProject "Prismatic" */ = {
			isa = XCConfigurationList;
			buildConfigurations = (
				9CE4C0CD170CE6AE00DA04D9 /* Debug */,
				9CE4C0CE170CE6AE00DA04D9 /* Release */,
			);
			defaultConfigurationIsVisible = 0;
			defaultConfigurationName = Release;
		};
		9CE4C0CF170CE6AE00DA04D9 /* Build configuration list for PBXNativeTarget "Prismatic" */ = {
			isa = XCConfigurationList;
			buildConfigurations = (
				9CE4C0D0170CE6AE00DA04D9 /* Debug */,
				9CE4C0D1170CE6AE00DA04D9 /* Release */,
			);
			defaultConfigurationIsVisible = 0;
			defaultConfigurationName = Release;
		};
		9CFD9689170E4018006E061A /* Build configuration list for PBXLegacyTarget "Image Script" */ = {
			isa = XCConfigurationList;
			buildConfigurations = (
				9CFD968A170E4018006E061A /* Debug */,
				9CFD968B170E4018006E061A /* Release */,
			);
			defaultConfigurationIsVisible = 0;
			defaultConfigurationName = Release;
		};
/* End XCConfigurationList section */
	};
	rootObject = 9CE4C09E170CE6AE00DA04D9 /* Project object */;
}
