// !$*UTF8*$!
{
	archiveVersion = 1;
	classes = {
	};
	objectVersion = 46;
	objects = {

/* Begin PBXBuildFile section */
		9CE4C0AA170CE6AE00DA04D9 /* UIKit.framework in Frameworks */ = {isa = PBXBuildFile; fileRef = 9CE4C0A9170CE6AE00DA04D9 /* UIKit.framework */; };
		9CE4C0AC170CE6AE00DA04D9 /* Foundation.framework in Frameworks */ = {isa = PBXBuildFile; fileRef = 9CE4C0AB170CE6AE00DA04D9 /* Foundation.framework */; };
		9CE4C0AE170CE6AE00DA04D9 /* CoreGraphics.framework in Frameworks */ = {isa = PBXBuildFile; fileRef = 9CE4C0AD170CE6AE00DA04D9 /* CoreGraphics.framework */; };
		9CE4C0B4170CE6AE00DA04D9 /* InfoPlist.strings in Resources */ = {isa = PBXBuildFile; fileRef = 9CE4C0B2170CE6AE00DA04D9 /* InfoPlist.strings */; };
		9CE4C0B6170CE6AE00DA04D9 /* main.m in Sources */ = {isa = PBXBuildFile; fileRef = 9CE4C0B5170CE6AE00DA04D9 /* main.m */; };
		9CE4C0BA170CE6AE00DA04D9 /* PRIAppDelegate.m in Sources */ = {isa = PBXBuildFile; fileRef = 9CE4C0B9170CE6AE00DA04D9 /* PRIAppDelegate.m */; };
		9CE4C0BC170CE6AE00DA04D9 /* Default.png in Resources */ = {isa = PBXBuildFile; fileRef = 9CE4C0BB170CE6AE00DA04D9 /* Default.png */; };
		9CE4C0BE170CE6AE00DA04D9 /* Default@2x.png in Resources */ = {isa = PBXBuildFile; fileRef = 9CE4C0BD170CE6AE00DA04D9 /* Default@2x.png */; };
		9CE4C0C0170CE6AE00DA04D9 /* Default-568h@2x.png in Resources */ = {isa = PBXBuildFile; fileRef = 9CE4C0BF170CE6AE00DA04D9 /* Default-568h@2x.png */; };
		9CE4C0C3170CE6AE00DA04D9 /* MainStoryboard_iPhone.storyboard in Resources */ = {isa = PBXBuildFile; fileRef = 9CE4C0C1170CE6AE00DA04D9 /* MainStoryboard_iPhone.storyboard */; };
		9CE4C0C6170CE6AE00DA04D9 /* MainStoryboard_iPad.storyboard in Resources */ = {isa = PBXBuildFile; fileRef = 9CE4C0C4170CE6AE00DA04D9 /* MainStoryboard_iPad.storyboard */; };
		9CE4C0D3170CE73F00DA04D9 /* SystemConfiguration.framework in Frameworks */ = {isa = PBXBuildFile; fileRef = 9CE4C0D2170CE73F00DA04D9 /* SystemConfiguration.framework */; };
		9CE4C0D5170CE74400DA04D9 /* MobileCoreServices.framework in Frameworks */ = {isa = PBXBuildFile; fileRef = 9CE4C0D4170CE74400DA04D9 /* MobileCoreServices.framework */; };
		9CE4C0DA170CF72800DA04D9 /* PRIStyleController.m in Sources */ = {isa = PBXBuildFile; fileRef = 9CE4C0D9170CF72800DA04D9 /* PRIStyleController.m */; };
		9CE4C0E5170DFDBA00DA04D9 /* QuartzCore.framework in Frameworks */ = {isa = PBXBuildFile; fileRef = 9CE4C0E4170DFDBA00DA04D9 /* QuartzCore.framework */; };
		9CE4C0E7170DFDC100DA04D9 /* MessageUI.framework in Frameworks */ = {isa = PBXBuildFile; fileRef = 9CE4C0E6170DFDC100DA04D9 /* MessageUI.framework */; };
		9CE4C0F9170DFE0400DA04D9 /* libSSToolkit.a in Frameworks */ = {isa = PBXBuildFile; fileRef = 9CE4C0F0170DFDF300DA04D9 /* libSSToolkit.a */; };
		9CE4C0FA170DFE1700DA04D9 /* SSToolkitResources.bundle in Resources */ = {isa = PBXBuildFile; fileRef = 9CE4C0F4170DFDF300DA04D9 /* SSToolkitResources.bundle */; };
		9CFD963D170DFF65006E061A /* AFHTTPClient.m in Sources */ = {isa = PBXBuildFile; fileRef = 9CFD962B170DFF65006E061A /* AFHTTPClient.m */; };
		9CFD963E170DFF65006E061A /* AFHTTPRequestOperation.m in Sources */ = {isa = PBXBuildFile; fileRef = 9CFD962D170DFF65006E061A /* AFHTTPRequestOperation.m */; };
		9CFD963F170DFF65006E061A /* AFImageRequestOperation.m in Sources */ = {isa = PBXBuildFile; fileRef = 9CFD962F170DFF65006E061A /* AFImageRequestOperation.m */; };
		9CFD9640170DFF65006E061A /* AFJSONRequestOperation.m in Sources */ = {isa = PBXBuildFile; fileRef = 9CFD9631170DFF65006E061A /* AFJSONRequestOperation.m */; };
		9CFD9641170DFF65006E061A /* AFNetworkActivityIndicatorManager.m in Sources */ = {isa = PBXBuildFile; fileRef = 9CFD9633170DFF65006E061A /* AFNetworkActivityIndicatorManager.m */; };
		9CFD9642170DFF65006E061A /* AFPropertyListRequestOperation.m in Sources */ = {isa = PBXBuildFile; fileRef = 9CFD9636170DFF65006E061A /* AFPropertyListRequestOperation.m */; };
		9CFD9643170DFF65006E061A /* AFURLConnectionOperation.m in Sources */ = {isa = PBXBuildFile; fileRef = 9CFD9638170DFF65006E061A /* AFURLConnectionOperation.m */; };
		9CFD9644170DFF65006E061A /* AFXMLRequestOperation.m in Sources */ = {isa = PBXBuildFile; fileRef = 9CFD963A170DFF65006E061A /* AFXMLRequestOperation.m */; };
		9CFD9645170DFF65006E061A /* UIImageView+AFNetworking.m in Sources */ = {isa = PBXBuildFile; fileRef = 9CFD963C170DFF65006E061A /* UIImageView+AFNetworking.m */; };
		9CFD965E170E00B8006E061A /* UIFont+Prismatic.m in Sources */ = {isa = PBXBuildFile; fileRef = 9CFD965D170E00B8006E061A /* UIFont+Prismatic.m */; };
		9CFD9665170E0225006E061A /* NSFileManager+CDKitt.m in Sources */ = {isa = PBXBuildFile; fileRef = 9CFD9662170E0225006E061A /* NSFileManager+CDKitt.m */; };
		9CFD9669170E0331006E061A /* PRIPrintViewController.m in Sources */ = {isa = PBXBuildFile; fileRef = 9CFD9668170E0331006E061A /* PRIPrintViewController.m */; };
		9CFD966E170E0EB7006E061A /* PRITableViewController.m in Sources */ = {isa = PBXBuildFile; fileRef = 9CFD966D170E0EB7006E061A /* PRITableViewController.m */; };
		9CFD9671170E10FC006E061A /* PRISourcesViewController.m in Sources */ = {isa = PBXBuildFile; fileRef = 9CFD9670170E10FC006E061A /* PRISourcesViewController.m */; };
/* End PBXBuildFile section */

/* Begin PBXContainerItemProxy section */
		9CE4C0EF170DFDF300DA04D9 /* PBXContainerItemProxy */ = {
			isa = PBXContainerItemProxy;
			containerPortal = 9CE4C0E9170DFDF200DA04D9 /* SSToolkit.xcodeproj */;
			proxyType = 2;
			remoteGlobalIDString = D2AAC07E0554694100DB518D;
			remoteInfo = SSToolkit;
		};
		9CE4C0F1170DFDF300DA04D9 /* PBXContainerItemProxy */ = {
			isa = PBXContainerItemProxy;
			containerPortal = 9CE4C0E9170DFDF200DA04D9 /* SSToolkit.xcodeproj */;
			proxyType = 2;
			remoteGlobalIDString = B239101D1357DC3E00ADE21B;
			remoteInfo = SSToolkitTests;
		};
		9CE4C0F3170DFDF300DA04D9 /* PBXContainerItemProxy */ = {
			isa = PBXContainerItemProxy;
			containerPortal = 9CE4C0E9170DFDF200DA04D9 /* SSToolkit.xcodeproj */;
			proxyType = 2;
			remoteGlobalIDString = B2C507EA151BA64400E94614;
			remoteInfo = SSToolkitResources;
		};
		9CE4C0F5170DFDFA00DA04D9 /* PBXContainerItemProxy */ = {
			isa = PBXContainerItemProxy;
			containerPortal = 9CE4C0E9170DFDF200DA04D9 /* SSToolkit.xcodeproj */;
			proxyType = 1;
			remoteGlobalIDString = D2AAC07D0554694100DB518D;
			remoteInfo = SSToolkit;
		};
		9CE4C0F7170DFDFF00DA04D9 /* PBXContainerItemProxy */ = {
			isa = PBXContainerItemProxy;
			containerPortal = 9CE4C0E9170DFDF200DA04D9 /* SSToolkit.xcodeproj */;
			proxyType = 1;
			remoteGlobalIDString = B2C507E9151BA64400E94614;
			remoteInfo = SSToolkitResources;
		};
/* End PBXContainerItemProxy section */

/* Begin PBXFileReference section */
		9CE4C0A6170CE6AE00DA04D9 /* Prismatic.app */ = {isa = PBXFileReference; explicitFileType = wrapper.application; includeInIndex = 0; path = Prismatic.app; sourceTree = BUILT_PRODUCTS_DIR; };
		9CE4C0A9170CE6AE00DA04D9 /* UIKit.framework */ = {isa = PBXFileReference; lastKnownFileType = wrapper.framework; name = UIKit.framework; path = System/Library/Frameworks/UIKit.framework; sourceTree = SDKROOT; };
		9CE4C0AB170CE6AE00DA04D9 /* Foundation.framework */ = {isa = PBXFileReference; lastKnownFileType = wrapper.framework; name = Foundation.framework; path = System/Library/Frameworks/Foundation.framework; sourceTree = SDKROOT; };
		9CE4C0AD170CE6AE00DA04D9 /* CoreGraphics.framework */ = {isa = PBXFileReference; lastKnownFileType = wrapper.framework; name = CoreGraphics.framework; path = System/Library/Frameworks/CoreGraphics.framework; sourceTree = SDKROOT; };
		9CE4C0B1170CE6AE00DA04D9 /* Prismatic-Info.plist */ = {isa = PBXFileReference; lastKnownFileType = text.plist.xml; path = "Prismatic-Info.plist"; sourceTree = "<group>"; };
		9CE4C0B3170CE6AE00DA04D9 /* en */ = {isa = PBXFileReference; lastKnownFileType = text.plist.strings; name = en; path = en.lproj/InfoPlist.strings; sourceTree = "<group>"; };
		9CE4C0B5170CE6AE00DA04D9 /* main.m */ = {isa = PBXFileReference; lastKnownFileType = sourcecode.c.objc; path = main.m; sourceTree = "<group>"; };
		9CE4C0B7170CE6AE00DA04D9 /* Prismatic-Prefix.pch */ = {isa = PBXFileReference; lastKnownFileType = sourcecode.c.h; path = "Prismatic-Prefix.pch"; sourceTree = "<group>"; };
		9CE4C0B8170CE6AE00DA04D9 /* PRIAppDelegate.h */ = {isa = PBXFileReference; lastKnownFileType = sourcecode.c.h; path = PRIAppDelegate.h; sourceTree = "<group>"; };
		9CE4C0B9170CE6AE00DA04D9 /* PRIAppDelegate.m */ = {isa = PBXFileReference; lastKnownFileType = sourcecode.c.objc; path = PRIAppDelegate.m; sourceTree = "<group>"; };
		9CE4C0BB170CE6AE00DA04D9 /* Default.png */ = {isa = PBXFileReference; lastKnownFileType = image.png; path = Default.png; sourceTree = "<group>"; };
		9CE4C0BD170CE6AE00DA04D9 /* Default@2x.png */ = {isa = PBXFileReference; lastKnownFileType = image.png; path = "Default@2x.png"; sourceTree = "<group>"; };
		9CE4C0BF170CE6AE00DA04D9 /* Default-568h@2x.png */ = {isa = PBXFileReference; lastKnownFileType = image.png; path = "Default-568h@2x.png"; sourceTree = "<group>"; };
		9CE4C0C2170CE6AE00DA04D9 /* en */ = {isa = PBXFileReference; lastKnownFileType = file.storyboard; name = en; path = en.lproj/MainStoryboard_iPhone.storyboard; sourceTree = "<group>"; };
		9CE4C0C5170CE6AE00DA04D9 /* en */ = {isa = PBXFileReference; lastKnownFileType = file.storyboard; name = en; path = en.lproj/MainStoryboard_iPad.storyboard; sourceTree = "<group>"; };
		9CE4C0D2170CE73F00DA04D9 /* SystemConfiguration.framework */ = {isa = PBXFileReference; lastKnownFileType = wrapper.framework; name = SystemConfiguration.framework; path = System/Library/Frameworks/SystemConfiguration.framework; sourceTree = SDKROOT; };
		9CE4C0D4170CE74400DA04D9 /* MobileCoreServices.framework */ = {isa = PBXFileReference; lastKnownFileType = wrapper.framework; name = MobileCoreServices.framework; path = System/Library/Frameworks/MobileCoreServices.framework; sourceTree = SDKROOT; };
		9CE4C0D8170CF72800DA04D9 /* PRIStyleController.h */ = {isa = PBXFileReference; fileEncoding = 4; lastKnownFileType = sourcecode.c.h; path = PRIStyleController.h; sourceTree = "<group>"; };
		9CE4C0D9170CF72800DA04D9 /* PRIStyleController.m */ = {isa = PBXFileReference; fileEncoding = 4; lastKnownFileType = sourcecode.c.objc; path = PRIStyleController.m; sourceTree = "<group>"; };
		9CE4C0E4170DFDBA00DA04D9 /* QuartzCore.framework */ = {isa = PBXFileReference; lastKnownFileType = wrapper.framework; name = QuartzCore.framework; path = System/Library/Frameworks/QuartzCore.framework; sourceTree = SDKROOT; };
		9CE4C0E6170DFDC100DA04D9 /* MessageUI.framework */ = {isa = PBXFileReference; lastKnownFileType = wrapper.framework; name = MessageUI.framework; path = System/Library/Frameworks/MessageUI.framework; sourceTree = SDKROOT; };
		9CE4C0E9170DFDF200DA04D9 /* SSToolkit.xcodeproj */ = {isa = PBXFileReference; lastKnownFileType = "wrapper.pb-project"; name = SSToolkit.xcodeproj; path = Vendor/SSToolkit/SSToolkit.xcodeproj; sourceTree = "<group>"; };
		9CFD962A170DFF65006E061A /* AFHTTPClient.h */ = {isa = PBXFileReference; fileEncoding = 4; lastKnownFileType = sourcecode.c.h; path = AFHTTPClient.h; sourceTree = "<group>"; };
		9CFD962B170DFF65006E061A /* AFHTTPClient.m */ = {isa = PBXFileReference; fileEncoding = 4; lastKnownFileType = sourcecode.c.objc; path = AFHTTPClient.m; sourceTree = "<group>"; };
		9CFD962C170DFF65006E061A /* AFHTTPRequestOperation.h */ = {isa = PBXFileReference; fileEncoding = 4; lastKnownFileType = sourcecode.c.h; path = AFHTTPRequestOperation.h; sourceTree = "<group>"; };
		9CFD962D170DFF65006E061A /* AFHTTPRequestOperation.m */ = {isa = PBXFileReference; fileEncoding = 4; lastKnownFileType = sourcecode.c.objc; path = AFHTTPRequestOperation.m; sourceTree = "<group>"; };
		9CFD962E170DFF65006E061A /* AFImageRequestOperation.h */ = {isa = PBXFileReference; fileEncoding = 4; lastKnownFileType = sourcecode.c.h; path = AFImageRequestOperation.h; sourceTree = "<group>"; };
		9CFD962F170DFF65006E061A /* AFImageRequestOperation.m */ = {isa = PBXFileReference; fileEncoding = 4; lastKnownFileType = sourcecode.c.objc; path = AFImageRequestOperation.m; sourceTree = "<group>"; };
		9CFD9630170DFF65006E061A /* AFJSONRequestOperation.h */ = {isa = PBXFileReference; fileEncoding = 4; lastKnownFileType = sourcecode.c.h; path = AFJSONRequestOperation.h; sourceTree = "<group>"; };
		9CFD9631170DFF65006E061A /* AFJSONRequestOperation.m */ = {isa = PBXFileReference; fileEncoding = 4; lastKnownFileType = sourcecode.c.objc; path = AFJSONRequestOperation.m; sourceTree = "<group>"; };
		9CFD9632170DFF65006E061A /* AFNetworkActivityIndicatorManager.h */ = {isa = PBXFileReference; fileEncoding = 4; lastKnownFileType = sourcecode.c.h; path = AFNetworkActivityIndicatorManager.h; sourceTree = "<group>"; };
		9CFD9633170DFF65006E061A /* AFNetworkActivityIndicatorManager.m */ = {isa = PBXFileReference; fileEncoding = 4; lastKnownFileType = sourcecode.c.objc; path = AFNetworkActivityIndicatorManager.m; sourceTree = "<group>"; };
		9CFD9634170DFF65006E061A /* AFNetworking.h */ = {isa = PBXFileReference; fileEncoding = 4; lastKnownFileType = sourcecode.c.h; path = AFNetworking.h; sourceTree = "<group>"; };
		9CFD9635170DFF65006E061A /* AFPropertyListRequestOperation.h */ = {isa = PBXFileReference; fileEncoding = 4; lastKnownFileType = sourcecode.c.h; path = AFPropertyListRequestOperation.h; sourceTree = "<group>"; };
		9CFD9636170DFF65006E061A /* AFPropertyListRequestOperation.m */ = {isa = PBXFileReference; fileEncoding = 4; lastKnownFileType = sourcecode.c.objc; path = AFPropertyListRequestOperation.m; sourceTree = "<group>"; };
		9CFD9637170DFF65006E061A /* AFURLConnectionOperation.h */ = {isa = PBXFileReference; fileEncoding = 4; lastKnownFileType = sourcecode.c.h; path = AFURLConnectionOperation.h; sourceTree = "<group>"; };
		9CFD9638170DFF65006E061A /* AFURLConnectionOperation.m */ = {isa = PBXFileReference; fileEncoding = 4; lastKnownFileType = sourcecode.c.objc; path = AFURLConnectionOperation.m; sourceTree = "<group>"; };
		9CFD9639170DFF65006E061A /* AFXMLRequestOperation.h */ = {isa = PBXFileReference; fileEncoding = 4; lastKnownFileType = sourcecode.c.h; path = AFXMLRequestOperation.h; sourceTree = "<group>"; };
		9CFD963A170DFF65006E061A /* AFXMLRequestOperation.m */ = {isa = PBXFileReference; fileEncoding = 4; lastKnownFileType = sourcecode.c.objc; path = AFXMLRequestOperation.m; sourceTree = "<group>"; };
		9CFD963B170DFF65006E061A /* UIImageView+AFNetworking.h */ = {isa = PBXFileReference; fileEncoding = 4; lastKnownFileType = sourcecode.c.h; path = "UIImageView+AFNetworking.h"; sourceTree = "<group>"; };
		9CFD963C170DFF65006E061A /* UIImageView+AFNetworking.m */ = {isa = PBXFileReference; fileEncoding = 4; lastKnownFileType = sourcecode.c.objc; path = "UIImageView+AFNetworking.m"; sourceTree = "<group>"; };
		9CFD9648170DFF98006E061A /* Common.xcconfig */ = {isa = PBXFileReference; lastKnownFileType = text.xcconfig; path = Common.xcconfig; sourceTree = "<group>"; };
		9CFD964A170DFF98006E061A /* Debug.xcconfig */ = {isa = PBXFileReference; lastKnownFileType = text.xcconfig; path = Debug.xcconfig; sourceTree = "<group>"; };
		9CFD964B170DFF98006E061A /* Profile.xcconfig */ = {isa = PBXFileReference; lastKnownFileType = text.xcconfig; path = Profile.xcconfig; sourceTree = "<group>"; };
		9CFD964C170DFF98006E061A /* Release.xcconfig */ = {isa = PBXFileReference; lastKnownFileType = text.xcconfig; path = Release.xcconfig; sourceTree = "<group>"; };
		9CFD964E170DFF98006E061A /* Application.xcconfig */ = {isa = PBXFileReference; lastKnownFileType = text.xcconfig; path = Application.xcconfig; sourceTree = "<group>"; };
		9CFD964F170DFF98006E061A /* StaticLibrary.xcconfig */ = {isa = PBXFileReference; lastKnownFileType = text.xcconfig; path = StaticLibrary.xcconfig; sourceTree = "<group>"; };
		9CFD9651170DFF98006E061A /* iOS-Application.xcconfig */ = {isa = PBXFileReference; lastKnownFileType = text.xcconfig; path = "iOS-Application.xcconfig"; sourceTree = "<group>"; };
		9CFD9652170DFF98006E061A /* iOS-Base.xcconfig */ = {isa = PBXFileReference; lastKnownFileType = text.xcconfig; path = "iOS-Base.xcconfig"; sourceTree = "<group>"; };
		9CFD9653170DFF98006E061A /* iOS-StaticLibrary.xcconfig */ = {isa = PBXFileReference; lastKnownFileType = text.xcconfig; path = "iOS-StaticLibrary.xcconfig"; sourceTree = "<group>"; };
		9CFD9655170DFF98006E061A /* Mac-Application.xcconfig */ = {isa = PBXFileReference; lastKnownFileType = text.xcconfig; path = "Mac-Application.xcconfig"; sourceTree = "<group>"; };
		9CFD9656170DFF98006E061A /* Mac-Base.xcconfig */ = {isa = PBXFileReference; lastKnownFileType = text.xcconfig; path = "Mac-Base.xcconfig"; sourceTree = "<group>"; };
		9CFD9657170DFF98006E061A /* Mac-DynamicLibrary.xcconfig */ = {isa = PBXFileReference; lastKnownFileType = text.xcconfig; path = "Mac-DynamicLibrary.xcconfig"; sourceTree = "<group>"; };
		9CFD9658170DFF98006E061A /* Mac-Framework.xcconfig */ = {isa = PBXFileReference; lastKnownFileType = text.xcconfig; path = "Mac-Framework.xcconfig"; sourceTree = "<group>"; };
		9CFD9659170DFF98006E061A /* Mac-StaticLibrary.xcconfig */ = {isa = PBXFileReference; lastKnownFileType = text.xcconfig; path = "Mac-StaticLibrary.xcconfig"; sourceTree = "<group>"; };
		9CFD965A170DFF98006E061A /* README.md */ = {isa = PBXFileReference; lastKnownFileType = text; path = README.md; sourceTree = "<group>"; };
		9CFD965C170E00B8006E061A /* UIFont+Prismatic.h */ = {isa = PBXFileReference; fileEncoding = 4; lastKnownFileType = sourcecode.c.h; path = "UIFont+Prismatic.h"; sourceTree = "<group>"; };
		9CFD965D170E00B8006E061A /* UIFont+Prismatic.m */ = {isa = PBXFileReference; fileEncoding = 4; lastKnownFileType = sourcecode.c.objc; path = "UIFont+Prismatic.m"; sourceTree = "<group>"; };
		9CFD9660170E0225006E061A /* CDKittMacros.h */ = {isa = PBXFileReference; fileEncoding = 4; lastKnownFileType = sourcecode.c.h; path = CDKittMacros.h; sourceTree = "<group>"; };
		9CFD9661170E0225006E061A /* NSFileManager+CDKitt.h */ = {isa = PBXFileReference; fileEncoding = 4; lastKnownFileType = sourcecode.c.h; path = "NSFileManager+CDKitt.h"; sourceTree = "<group>"; };
		9CFD9662170E0225006E061A /* NSFileManager+CDKitt.m */ = {isa = PBXFileReference; fileEncoding = 4; lastKnownFileType = sourcecode.c.objc; path = "NSFileManager+CDKitt.m"; sourceTree = "<group>"; };
		9CFD9667170E0331006E061A /* PRIPrintViewController.h */ = {isa = PBXFileReference; fileEncoding = 4; lastKnownFileType = sourcecode.c.h; path = PRIPrintViewController.h; sourceTree = "<group>"; };
		9CFD9668170E0331006E061A /* PRIPrintViewController.m */ = {isa = PBXFileReference; fileEncoding = 4; lastKnownFileType = sourcecode.c.objc; path = PRIPrintViewController.m; sourceTree = "<group>"; };
		9CFD966A170E0AC8006E061A /* PRIPrintViewControllerDelegate.h */ = {isa = PBXFileReference; lastKnownFileType = sourcecode.c.h; path = PRIPrintViewControllerDelegate.h; sourceTree = "<group>"; };
		9CFD966C170E0EB7006E061A /* PRITableViewController.h */ = {isa = PBXFileReference; fileEncoding = 4; lastKnownFileType = sourcecode.c.h; path = PRITableViewController.h; sourceTree = "<group>"; };
		9CFD966D170E0EB7006E061A /* PRITableViewController.m */ = {isa = PBXFileReference; fileEncoding = 4; lastKnownFileType = sourcecode.c.objc; path = PRITableViewController.m; sourceTree = "<group>"; };
		9CFD966F170E10FC006E061A /* PRISourcesViewController.h */ = {isa = PBXFileReference; fileEncoding = 4; lastKnownFileType = sourcecode.c.h; path = PRISourcesViewController.h; sourceTree = "<group>"; };
		9CFD9670170E10FC006E061A /* PRISourcesViewController.m */ = {isa = PBXFileReference; fileEncoding = 4; lastKnownFileType = sourcecode.c.objc; path = PRISourcesViewController.m; sourceTree = "<group>"; };
/* End PBXFileReference section */

/* Begin PBXFrameworksBuildPhase section */
		9CE4C0A3170CE6AE00DA04D9 /* Frameworks */ = {
			isa = PBXFrameworksBuildPhase;
			buildActionMask = 2147483647;
			files = (
				9CE4C0F9170DFE0400DA04D9 /* libSSToolkit.a in Frameworks */,
				9CE4C0E7170DFDC100DA04D9 /* MessageUI.framework in Frameworks */,
				9CE4C0E5170DFDBA00DA04D9 /* QuartzCore.framework in Frameworks */,
				9CE4C0D5170CE74400DA04D9 /* MobileCoreServices.framework in Frameworks */,
				9CE4C0D3170CE73F00DA04D9 /* SystemConfiguration.framework in Frameworks */,
				9CE4C0AA170CE6AE00DA04D9 /* UIKit.framework in Frameworks */,
				9CE4C0AC170CE6AE00DA04D9 /* Foundation.framework in Frameworks */,
				9CE4C0AE170CE6AE00DA04D9 /* CoreGraphics.framework in Frameworks */,
			);
			runOnlyForDeploymentPostprocessing = 0;
		};
/* End PBXFrameworksBuildPhase section */

/* Begin PBXGroup section */
		9CE4C09D170CE6AE00DA04D9 = {
			isa = PBXGroup;
			children = (
				9CE4C0AF170CE6AE00DA04D9 /* Prismatic */,
				9CE4C0E8170DFDE200DA04D9 /* Vendor */,
				9CE4C0A8170CE6AE00DA04D9 /* Frameworks */,
				9CE4C0A7170CE6AE00DA04D9 /* Products */,
			);
			sourceTree = "<group>";
		};
		9CE4C0A7170CE6AE00DA04D9 /* Products */ = {
			isa = PBXGroup;
			children = (
				9CE4C0A6170CE6AE00DA04D9 /* Prismatic.app */,
			);
			name = Products;
			sourceTree = "<group>";
		};
		9CE4C0A8170CE6AE00DA04D9 /* Frameworks */ = {
			isa = PBXGroup;
			children = (
				9CE4C0E6170DFDC100DA04D9 /* MessageUI.framework */,
				9CE4C0E4170DFDBA00DA04D9 /* QuartzCore.framework */,
				9CE4C0D4170CE74400DA04D9 /* MobileCoreServices.framework */,
				9CE4C0D2170CE73F00DA04D9 /* SystemConfiguration.framework */,
				9CE4C0A9170CE6AE00DA04D9 /* UIKit.framework */,
				9CE4C0AB170CE6AE00DA04D9 /* Foundation.framework */,
				9CE4C0AD170CE6AE00DA04D9 /* CoreGraphics.framework */,
			);
			name = Frameworks;
			sourceTree = "<group>";
		};
		9CE4C0AF170CE6AE00DA04D9 /* Prismatic */ = {
			isa = PBXGroup;
			children = (
				9CE4C0D7170CE77000DA04D9 /* Generic */,
				9CE4C0DF170DFC4700DA04D9 /* Models */,
				9CE4C0DE170DFC4000DA04D9 /* Views */,
				9CE4C0D6170CE75F00DA04D9 /* View Controllers */,
				9CFD966B170E0AD1006E061A /* Protocols */,
				9CE4C0B0170CE6AE00DA04D9 /* Supporting Files */,
			);
			path = Prismatic;
			sourceTree = "<group>";
		};
		9CE4C0B0170CE6AE00DA04D9 /* Supporting Files */ = {
			isa = PBXGroup;
			children = (
				9CE4C0B1170CE6AE00DA04D9 /* Prismatic-Info.plist */,
				9CE4C0B2170CE6AE00DA04D9 /* InfoPlist.strings */,
				9CE4C0B5170CE6AE00DA04D9 /* main.m */,
				9CE4C0B7170CE6AE00DA04D9 /* Prismatic-Prefix.pch */,
				9CE4C0BB170CE6AE00DA04D9 /* Default.png */,
				9CE4C0BD170CE6AE00DA04D9 /* Default@2x.png */,
				9CE4C0BF170CE6AE00DA04D9 /* Default-568h@2x.png */,
			);
			name = "Supporting Files";
			sourceTree = "<group>";
		};
		9CE4C0D6170CE75F00DA04D9 /* View Controllers */ = {
			isa = PBXGroup;
			children = (
				9CE4C0C1170CE6AE00DA04D9 /* MainStoryboard_iPhone.storyboard */,
				9CE4C0C4170CE6AE00DA04D9 /* MainStoryboard_iPad.storyboard */,
				9CFD966C170E0EB7006E061A /* PRITableViewController.h */,
				9CFD966D170E0EB7006E061A /* PRITableViewController.m */,
				9CFD9667170E0331006E061A /* PRIPrintViewController.h */,
				9CFD9668170E0331006E061A /* PRIPrintViewController.m */,
				9CFD966F170E10FC006E061A /* PRISourcesViewController.h */,
				9CFD9670170E10FC006E061A /* PRISourcesViewController.m */,
			);
			name = "View Controllers";
			sourceTree = "<group>";
		};
		9CE4C0D7170CE77000DA04D9 /* Generic */ = {
			isa = PBXGroup;
			children = (
				9CFD965B170E00A6006E061A /* Categories */,
				9CE4C0B8170CE6AE00DA04D9 /* PRIAppDelegate.h */,
				9CE4C0B9170CE6AE00DA04D9 /* PRIAppDelegate.m */,
				9CE4C0D8170CF72800DA04D9 /* PRIStyleController.h */,
				9CE4C0D9170CF72800DA04D9 /* PRIStyleController.m */,
			);
			name = Generic;
			sourceTree = "<group>";
		};
		9CE4C0DE170DFC4000DA04D9 /* Views */ = {
			isa = PBXGroup;
			children = (
			);
			name = Views;
			sourceTree = "<group>";
		};
		9CE4C0DF170DFC4700DA04D9 /* Models */ = {
			isa = PBXGroup;
			children = (
			);
			name = Models;
			sourceTree = "<group>";
		};
		9CE4C0E8170DFDE200DA04D9 /* Vendor */ = {
			isa = PBXGroup;
			children = (
				9CFD9629170DFF65006E061A /* AFNetworking */,
				9CFD965F170E0225006E061A /* CDKitt */,
				9CE4C0E9170DFDF200DA04D9 /* SSToolkit.xcodeproj */,
				9CFD9646170DFF98006E061A /* xcconfigs */,
			);
			name = Vendor;
			sourceTree = "<group>";
		};
		9CE4C0EA170DFDF200DA04D9 /* Products */ = {
			isa = PBXGroup;
			children = (
				9CE4C0F0170DFDF300DA04D9 /* libSSToolkit.a */,
				9CE4C0F2170DFDF300DA04D9 /* SSToolkitTests.app */,
				9CE4C0F4170DFDF300DA04D9 /* SSToolkitResources.bundle */,
			);
			name = Products;
			sourceTree = "<group>";
		};
		9CFD9629170DFF65006E061A /* AFNetworking */ = {
			isa = PBXGroup;
			children = (
				9CFD962A170DFF65006E061A /* AFHTTPClient.h */,
				9CFD962B170DFF65006E061A /* AFHTTPClient.m */,
				9CFD962C170DFF65006E061A /* AFHTTPRequestOperation.h */,
				9CFD962D170DFF65006E061A /* AFHTTPRequestOperation.m */,
				9CFD962E170DFF65006E061A /* AFImageRequestOperation.h */,
				9CFD962F170DFF65006E061A /* AFImageRequestOperation.m */,
				9CFD9630170DFF65006E061A /* AFJSONRequestOperation.h */,
				9CFD9631170DFF65006E061A /* AFJSONRequestOperation.m */,
				9CFD9632170DFF65006E061A /* AFNetworkActivityIndicatorManager.h */,
				9CFD9633170DFF65006E061A /* AFNetworkActivityIndicatorManager.m */,
				9CFD9634170DFF65006E061A /* AFNetworking.h */,
				9CFD9635170DFF65006E061A /* AFPropertyListRequestOperation.h */,
				9CFD9636170DFF65006E061A /* AFPropertyListRequestOperation.m */,
				9CFD9637170DFF65006E061A /* AFURLConnectionOperation.h */,
				9CFD9638170DFF65006E061A /* AFURLConnectionOperation.m */,
				9CFD9639170DFF65006E061A /* AFXMLRequestOperation.h */,
				9CFD963A170DFF65006E061A /* AFXMLRequestOperation.m */,
				9CFD963B170DFF65006E061A /* UIImageView+AFNetworking.h */,
				9CFD963C170DFF65006E061A /* UIImageView+AFNetworking.m */,
			);
			name = AFNetworking;
			path = Vendor/AFNetworking/AFNetworking;
			sourceTree = "<group>";
		};
		9CFD9646170DFF98006E061A /* xcconfigs */ = {
			isa = PBXGroup;
			children = (
				9CFD9647170DFF98006E061A /* Base */,
				9CFD9650170DFF98006E061A /* iOS */,
				9CFD9654170DFF98006E061A /* Mac OS X */,
				9CFD965A170DFF98006E061A /* README.md */,
			);
			name = xcconfigs;
			path = Vendor/xcconfigs;
			sourceTree = "<group>";
		};
		9CFD9647170DFF98006E061A /* Base */ = {
			isa = PBXGroup;
			children = (
				9CFD9648170DFF98006E061A /* Common.xcconfig */,
				9CFD9649170DFF98006E061A /* Configurations */,
				9CFD964D170DFF98006E061A /* Targets */,
			);
			path = Base;
			sourceTree = "<group>";
		};
		9CFD9649170DFF98006E061A /* Configurations */ = {
			isa = PBXGroup;
			children = (
				9CFD964A170DFF98006E061A /* Debug.xcconfig */,
				9CFD964B170DFF98006E061A /* Profile.xcconfig */,
				9CFD964C170DFF98006E061A /* Release.xcconfig */,
			);
			path = Configurations;
			sourceTree = "<group>";
		};
		9CFD964D170DFF98006E061A /* Targets */ = {
			isa = PBXGroup;
			children = (
				9CFD964E170DFF98006E061A /* Application.xcconfig */,
				9CFD964F170DFF98006E061A /* StaticLibrary.xcconfig */,
			);
			path = Targets;
			sourceTree = "<group>";
		};
		9CFD9650170DFF98006E061A /* iOS */ = {
			isa = PBXGroup;
			children = (
				9CFD9651170DFF98006E061A /* iOS-Application.xcconfig */,
				9CFD9652170DFF98006E061A /* iOS-Base.xcconfig */,
				9CFD9653170DFF98006E061A /* iOS-StaticLibrary.xcconfig */,
			);
			path = iOS;
			sourceTree = "<group>";
		};
		9CFD9654170DFF98006E061A /* Mac OS X */ = {
			isa = PBXGroup;
			children = (
				9CFD9655170DFF98006E061A /* Mac-Application.xcconfig */,
				9CFD9656170DFF98006E061A /* Mac-Base.xcconfig */,
				9CFD9657170DFF98006E061A /* Mac-DynamicLibrary.xcconfig */,
				9CFD9658170DFF98006E061A /* Mac-Framework.xcconfig */,
				9CFD9659170DFF98006E061A /* Mac-StaticLibrary.xcconfig */,
			);
			path = "Mac OS X";
			sourceTree = "<group>";
		};
		9CFD965B170E00A6006E061A /* Categories */ = {
			isa = PBXGroup;
			children = (
				9CFD965C170E00B8006E061A /* UIFont+Prismatic.h */,
				9CFD965D170E00B8006E061A /* UIFont+Prismatic.m */,
			);
			name = Categories;
			sourceTree = "<group>";
		};
		9CFD965F170E0225006E061A /* CDKitt */ = {
			isa = PBXGroup;
			children = (
				9CFD9660170E0225006E061A /* CDKittMacros.h */,
				9CFD9661170E0225006E061A /* NSFileManager+CDKitt.h */,
				9CFD9662170E0225006E061A /* NSFileManager+CDKitt.m */,
			);
			name = CDKitt;
			path = Vendor/CDKitt;
			sourceTree = "<group>";
		};
		9CFD966B170E0AD1006E061A /* Protocols */ = {
			isa = PBXGroup;
			children = (
				9CFD966A170E0AC8006E061A /* PRIPrintViewControllerDelegate.h */,
			);
			name = Protocols;
			sourceTree = "<group>";
		};
/* End PBXGroup section */

/* Begin PBXNativeTarget section */
		9CE4C0A5170CE6AE00DA04D9 /* Prismatic */ = {
			isa = PBXNativeTarget;
			buildConfigurationList = 9CE4C0CF170CE6AE00DA04D9 /* Build configuration list for PBXNativeTarget "Prismatic" */;
			buildPhases = (
				9CE4C0A2170CE6AE00DA04D9 /* Sources */,
				9CE4C0A3170CE6AE00DA04D9 /* Frameworks */,
				9CE4C0A4170CE6AE00DA04D9 /* Resources */,
			);
			buildRules = (
			);
			dependencies = (
				9CE4C0F8170DFDFF00DA04D9 /* PBXTargetDependency */,
				9CE4C0F6170DFDFA00DA04D9 /* PBXTargetDependency */,
			);
			name = Prismatic;
			productName = Prismatic;
			productReference = 9CE4C0A6170CE6AE00DA04D9 /* Prismatic.app */;
			productType = "com.apple.product-type.application";
		};
/* End PBXNativeTarget section */

/* Begin PBXProject section */
		9CE4C09E170CE6AE00DA04D9 /* Project object */ = {
			isa = PBXProject;
			attributes = {
				CLASSPREFIX = PRI;
				LastUpgradeCheck = 0460;
				ORGANIZATIONNAME = "Aron Cedercrantz";
			};
			buildConfigurationList = 9CE4C0A1170CE6AE00DA04D9 /* Build configuration list for PBXProject "Prismatic" */;
			compatibilityVersion = "Xcode 3.2";
			developmentRegion = English;
			hasScannedForEncodings = 0;
			knownRegions = (
				en,
			);
			mainGroup = 9CE4C09D170CE6AE00DA04D9;
			productRefGroup = 9CE4C0A7170CE6AE00DA04D9 /* Products */;
			projectDirPath = "";
			projectReferences = (
				{
					ProductGroup = 9CE4C0EA170DFDF200DA04D9 /* Products */;
					ProjectRef = 9CE4C0E9170DFDF200DA04D9 /* SSToolkit.xcodeproj */;
				},
			);
			projectRoot = "";
			targets = (
				9CE4C0A5170CE6AE00DA04D9 /* Prismatic */,
			);
		};
/* End PBXProject section */

/* Begin PBXReferenceProxy section */
		9CE4C0F0170DFDF300DA04D9 /* libSSToolkit.a */ = {
			isa = PBXReferenceProxy;
			fileType = archive.ar;
			path = libSSToolkit.a;
			remoteRef = 9CE4C0EF170DFDF300DA04D9 /* PBXContainerItemProxy */;
			sourceTree = BUILT_PRODUCTS_DIR;
		};
		9CE4C0F2170DFDF300DA04D9 /* SSToolkitTests.app */ = {
			isa = PBXReferenceProxy;
			fileType = wrapper.application;
			path = SSToolkitTests.app;
			remoteRef = 9CE4C0F1170DFDF300DA04D9 /* PBXContainerItemProxy */;
			sourceTree = BUILT_PRODUCTS_DIR;
		};
		9CE4C0F4170DFDF300DA04D9 /* SSToolkitResources.bundle */ = {
			isa = PBXReferenceProxy;
			fileType = wrapper.cfbundle;
			path = SSToolkitResources.bundle;
			remoteRef = 9CE4C0F3170DFDF300DA04D9 /* PBXContainerItemProxy */;
			sourceTree = BUILT_PRODUCTS_DIR;
		};
/* End PBXReferenceProxy section */

/* Begin PBXResourcesBuildPhase section */
		9CE4C0A4170CE6AE00DA04D9 /* Resources */ = {
			isa = PBXResourcesBuildPhase;
			buildActionMask = 2147483647;
			files = (
				9CE4C0FA170DFE1700DA04D9 /* SSToolkitResources.bundle in Resources */,
				9CE4C0B4170CE6AE00DA04D9 /* InfoPlist.strings in Resources */,
				9CE4C0BC170CE6AE00DA04D9 /* Default.png in Resources */,
				9CE4C0BE170CE6AE00DA04D9 /* Default@2x.png in Resources */,
				9CE4C0C0170CE6AE00DA04D9 /* Default-568h@2x.png in Resources */,
				9CE4C0C3170CE6AE00DA04D9 /* MainStoryboard_iPhone.storyboard in Resources */,
				9CE4C0C6170CE6AE00DA04D9 /* MainStoryboard_iPad.storyboard in Resources */,
			);
			runOnlyForDeploymentPostprocessing = 0;
		};
/* End PBXResourcesBuildPhase section */

/* Begin PBXSourcesBuildPhase section */
		9CE4C0A2170CE6AE00DA04D9 /* Sources */ = {
			isa = PBXSourcesBuildPhase;
			buildActionMask = 2147483647;
			files = (
				9CE4C0B6170CE6AE00DA04D9 /* main.m in Sources */,
				9CE4C0BA170CE6AE00DA04D9 /* PRIAppDelegate.m in Sources */,
				9CE4C0DA170CF72800DA04D9 /* PRIStyleController.m in Sources */,
				9CFD963D170DFF65006E061A /* AFHTTPClient.m in Sources */,
				9CFD963E170DFF65006E061A /* AFHTTPRequestOperation.m in Sources */,
				9CFD963F170DFF65006E061A /* AFImageRequestOperation.m in Sources */,
				9CFD9640170DFF65006E061A /* AFJSONRequestOperation.m in Sources */,
				9CFD9641170DFF65006E061A /* AFNetworkActivityIndicatorManager.m in Sources */,
				9CFD9642170DFF65006E061A /* AFPropertyListRequestOperation.m in Sources */,
				9CFD9643170DFF65006E061A /* AFURLConnectionOperation.m in Sources */,
				9CFD9644170DFF65006E061A /* AFXMLRequestOperation.m in Sources */,
				9CFD9645170DFF65006E061A /* UIImageView+AFNetworking.m in Sources */,
				9CFD965E170E00B8006E061A /* UIFont+Prismatic.m in Sources */,
				9CFD9665170E0225006E061A /* NSFileManager+CDKitt.m in Sources */,
				9CFD9669170E0331006E061A /* PRIPrintViewController.m in Sources */,
				9CFD966E170E0EB7006E061A /* PRITableViewController.m in Sources */,
				9CFD9671170E10FC006E061A /* PRISourcesViewController.m in Sources */,
			);
			runOnlyForDeploymentPostprocessing = 0;
		};
/* End PBXSourcesBuildPhase section */

/* Begin PBXTargetDependency section */
		9CE4C0F6170DFDFA00DA04D9 /* PBXTargetDependency */ = {
			isa = PBXTargetDependency;
			name = SSToolkit;
			targetProxy = 9CE4C0F5170DFDFA00DA04D9 /* PBXContainerItemProxy */;
		};
		9CE4C0F8170DFDFF00DA04D9 /* PBXTargetDependency */ = {
			isa = PBXTargetDependency;
			name = SSToolkitResources;
			targetProxy = 9CE4C0F7170DFDFF00DA04D9 /* PBXContainerItemProxy */;
		};
/* End PBXTargetDependency section */

/* Begin PBXVariantGroup section */
		9CE4C0B2170CE6AE00DA04D9 /* InfoPlist.strings */ = {
			isa = PBXVariantGroup;
			children = (
				9CE4C0B3170CE6AE00DA04D9 /* en */,
			);
			name = InfoPlist.strings;
			sourceTree = "<group>";
		};
		9CE4C0C1170CE6AE00DA04D9 /* MainStoryboard_iPhone.storyboard */ = {
			isa = PBXVariantGroup;
			children = (
				9CE4C0C2170CE6AE00DA04D9 /* en */,
			);
			name = MainStoryboard_iPhone.storyboard;
			sourceTree = "<group>";
		};
		9CE4C0C4170CE6AE00DA04D9 /* MainStoryboard_iPad.storyboard */ = {
			isa = PBXVariantGroup;
			children = (
				9CE4C0C5170CE6AE00DA04D9 /* en */,
			);
			name = MainStoryboard_iPad.storyboard;
			sourceTree = "<group>";
		};
/* End PBXVariantGroup section */

/* Begin XCBuildConfiguration section */
		9CE4C0CD170CE6AE00DA04D9 /* Debug */ = {
			isa = XCBuildConfiguration;
			buildSettings = {
				ALWAYS_SEARCH_USER_PATHS = NO;
				CLANG_CXX_LANGUAGE_STANDARD = "gnu++0x";
				CLANG_CXX_LIBRARY = "libc++";
				CLANG_ENABLE_OBJC_ARC = YES;
				CLANG_WARN_CONSTANT_CONVERSION = YES;
				CLANG_WARN_EMPTY_BODY = YES;
				CLANG_WARN_ENUM_CONVERSION = YES;
				CLANG_WARN_INT_CONVERSION = YES;
				CLANG_WARN__DUPLICATE_METHOD_MATCH = YES;
				"CODE_SIGN_IDENTITY[sdk=iphoneos*]" = "iPhone Developer";
				COPY_PHASE_STRIP = NO;
				GCC_C_LANGUAGE_STANDARD = gnu99;
				GCC_DYNAMIC_NO_PIC = NO;
				GCC_OPTIMIZATION_LEVEL = 0;
				GCC_PREPROCESSOR_DEFINITIONS = (
					"DEBUG=1",
					"$(inherited)",
				);
				GCC_SYMBOLS_PRIVATE_EXTERN = NO;
				GCC_WARN_ABOUT_RETURN_TYPE = YES;
				GCC_WARN_UNINITIALIZED_AUTOS = YES;
				GCC_WARN_UNUSED_VARIABLE = YES;
				IPHONEOS_DEPLOYMENT_TARGET = 6.0;
				ONLY_ACTIVE_ARCH = YES;
				SDKROOT = iphoneos;
				TARGETED_DEVICE_FAMILY = "1,2";
			};
			name = Debug;
		};
		9CE4C0CE170CE6AE00DA04D9 /* Release */ = {
			isa = XCBuildConfiguration;
			buildSettings = {
				ALWAYS_SEARCH_USER_PATHS = NO;
				CLANG_CXX_LANGUAGE_STANDARD = "gnu++0x";
				CLANG_CXX_LIBRARY = "libc++";
				CLANG_ENABLE_OBJC_ARC = YES;
				CLANG_WARN_CONSTANT_CONVERSION = YES;
				CLANG_WARN_EMPTY_BODY = YES;
				CLANG_WARN_ENUM_CONVERSION = YES;
				CLANG_WARN_INT_CONVERSION = YES;
				CLANG_WARN__DUPLICATE_METHOD_MATCH = YES;
				"CODE_SIGN_IDENTITY[sdk=iphoneos*]" = "iPhone Developer";
				COPY_PHASE_STRIP = YES;
				GCC_C_LANGUAGE_STANDARD = gnu99;
				GCC_WARN_ABOUT_RETURN_TYPE = YES;
				GCC_WARN_UNINITIALIZED_AUTOS = YES;
				GCC_WARN_UNUSED_VARIABLE = YES;
				IPHONEOS_DEPLOYMENT_TARGET = 6.0;
				OTHER_CFLAGS = "-DNS_BLOCK_ASSERTIONS=1";
				SDKROOT = iphoneos;
				TARGETED_DEVICE_FAMILY = "1,2";
				VALIDATE_PRODUCT = YES;
			};
			name = Release;
		};
		9CE4C0D0170CE6AE00DA04D9 /* Debug */ = {
			isa = XCBuildConfiguration;
			baseConfigurationReference = 9CFD9651170DFF98006E061A /* iOS-Application.xcconfig */;
			buildSettings = {
				GCC_PRECOMPILE_PREFIX_HEADER = YES;
				GCC_PREFIX_HEADER = "Prismatic/Prismatic-Prefix.pch";
				HEADER_SEARCH_PATHS = Vendor/SSToolkit;
				INFOPLIST_FILE = "Prismatic/Prismatic-Info.plist";
				OTHER_LDFLAGS = (
					"-all_load",
					"-ObjC",
				);
				PRODUCT_NAME = "$(TARGET_NAME)";
				RUN_CLANG_STATIC_ANALYZER = YES;
				WRAPPER_EXTENSION = app;
			};
			name = Debug;
		};
		9CE4C0D1170CE6AE00DA04D9 /* Release */ = {
			isa = XCBuildConfiguration;
			baseConfigurationReference = 9CFD9651170DFF98006E061A /* iOS-Application.xcconfig */;
			buildSettings = {
				GCC_PRECOMPILE_PREFIX_HEADER = YES;
				GCC_PREFIX_HEADER = "Prismatic/Prismatic-Prefix.pch";
				HEADER_SEARCH_PATHS = Vendor/SSToolkit;
				INFOPLIST_FILE = "Prismatic/Prismatic-Info.plist";
				OTHER_LDFLAGS = (
					"-all_load",
					"-ObjC",
				);
				PRODUCT_NAME = "$(TARGET_NAME)";
				RUN_CLANG_STATIC_ANALYZER = YES;
				WRAPPER_EXTENSION = app;
			};
			name = Release;
		};
/* End XCBuildConfiguration section */

/* Begin XCConfigurationList section */
		9CE4C0A1170CE6AE00DA04D9 /* Build configuration list for PBXProject "Prismatic" */ = {
			isa = XCConfigurationList;
			buildConfigurations = (
				9CE4C0CD170CE6AE00DA04D9 /* Debug */,
				9CE4C0CE170CE6AE00DA04D9 /* Release */,
			);
			defaultConfigurationIsVisible = 0;
			defaultConfigurationName = Release;
		};
		9CE4C0CF170CE6AE00DA04D9 /* Build configuration list for PBXNativeTarget "Prismatic" */ = {
			isa = XCConfigurationList;
			buildConfigurations = (
				9CE4C0D0170CE6AE00DA04D9 /* Debug */,
				9CE4C0D1170CE6AE00DA04D9 /* Release */,
			);
			defaultConfigurationIsVisible = 0;
			defaultConfigurationName = Release;
		};
/* End XCConfigurationList section */
	};
	rootObject = 9CE4C09E170CE6AE00DA04D9 /* Project object */;
}
